// !$*UTF8*$!
{
	archiveVersion = 1;
	classes = {
	};
	objectVersion = 46;
	objects = {

/* Begin PBXBuildFile section */
		D9A4FF811DB92BB3001DDC5C /* AppDelegate.swift in Sources */ = {isa = PBXBuildFile; fileRef = D9A4FF801DB92BB3001DDC5C /* AppDelegate.swift */; };
		D9A4FF831DB92BB3001DDC5C /* ViewController.swift in Sources */ = {isa = PBXBuildFile; fileRef = D9A4FF821DB92BB3001DDC5C /* ViewController.swift */; };
		D9A4FF861DB92BB4001DDC5C /* Main.storyboard in Resources */ = {isa = PBXBuildFile; fileRef = D9A4FF841DB92BB4001DDC5C /* Main.storyboard */; };
		D9A4FF881DB92BB4001DDC5C /* Assets.xcassets in Resources */ = {isa = PBXBuildFile; fileRef = D9A4FF871DB92BB4001DDC5C /* Assets.xcassets */; };
		D9A4FF8B1DB92BB4001DDC5C /* LaunchScreen.storyboard in Resources */ = {isa = PBXBuildFile; fileRef = D9A4FF891DB92BB4001DDC5C /* LaunchScreen.storyboard */; };
		D9A4FF961DB92BB4001DDC5C /* CalculadoraTests.swift in Sources */ = {isa = PBXBuildFile; fileRef = D9A4FF951DB92BB4001DDC5C /* CalculadoraTests.swift */; };
		D9A4FFA11DB92BB4001DDC5C /* CalculadoraUITests.swift in Sources */ = {isa = PBXBuildFile; fileRef = D9A4FFA01DB92BB4001DDC5C /* CalculadoraUITests.swift */; };
/* End PBXBuildFile section */

/* Begin PBXContainerItemProxy section */
		D9A4FF921DB92BB4001DDC5C /* PBXContainerItemProxy */ = {
			isa = PBXContainerItemProxy;
			containerPortal = D9A4FF751DB92BB3001DDC5C /* Project object */;
			proxyType = 1;
			remoteGlobalIDString = D9A4FF7C1DB92BB3001DDC5C;
			remoteInfo = Calculadora;
		};
		D9A4FF9D1DB92BB4001DDC5C /* PBXContainerItemProxy */ = {
			isa = PBXContainerItemProxy;
			containerPortal = D9A4FF751DB92BB3001DDC5C /* Project object */;
			proxyType = 1;
			remoteGlobalIDString = D9A4FF7C1DB92BB3001DDC5C;
			remoteInfo = Calculadora;
		};
/* End PBXContainerItemProxy section */

/* Begin PBXFileReference section */
		D9A4FF7D1DB92BB3001DDC5C /* Calculadora.app */ = {isa = PBXFileReference; explicitFileType = wrapper.application; includeInIndex = 0; path = Calculadora.app; sourceTree = BUILT_PRODUCTS_DIR; };
		D9A4FF801DB92BB3001DDC5C /* AppDelegate.swift */ = {isa = PBXFileReference; lastKnownFileType = sourcecode.swift; path = AppDelegate.swift; sourceTree = "<group>"; };
		D9A4FF821DB92BB3001DDC5C /* ViewController.swift */ = {isa = PBXFileReference; lastKnownFileType = sourcecode.swift; path = ViewController.swift; sourceTree = "<group>"; };
		D9A4FF851DB92BB4001DDC5C /* Base */ = {isa = PBXFileReference; lastKnownFileType = file.storyboard; name = Base; path = Base.lproj/Main.storyboard; sourceTree = "<group>"; };
		D9A4FF871DB92BB4001DDC5C /* Assets.xcassets */ = {isa = PBXFileReference; lastKnownFileType = folder.assetcatalog; path = Assets.xcassets; sourceTree = "<group>"; };
		D9A4FF8A1DB92BB4001DDC5C /* Base */ = {isa = PBXFileReference; lastKnownFileType = file.storyboard; name = Base; path = Base.lproj/LaunchScreen.storyboard; sourceTree = "<group>"; };
		D9A4FF8C1DB92BB4001DDC5C /* Info.plist */ = {isa = PBXFileReference; lastKnownFileType = text.plist.xml; path = Info.plist; sourceTree = "<group>"; };
		D9A4FF911DB92BB4001DDC5C /* CalculadoraTests.xctest */ = {isa = PBXFileReference; explicitFileType = wrapper.cfbundle; includeInIndex = 0; path = CalculadoraTests.xctest; sourceTree = BUILT_PRODUCTS_DIR; };
		D9A4FF951DB92BB4001DDC5C /* CalculadoraTests.swift */ = {isa = PBXFileReference; lastKnownFileType = sourcecode.swift; path = CalculadoraTests.swift; sourceTree = "<group>"; };
		D9A4FF971DB92BB4001DDC5C /* Info.plist */ = {isa = PBXFileReference; lastKnownFileType = text.plist.xml; path = Info.plist; sourceTree = "<group>"; };
		D9A4FF9C1DB92BB4001DDC5C /* CalculadoraUITests.xctest */ = {isa = PBXFileReference; explicitFileType = wrapper.cfbundle; includeInIndex = 0; path = CalculadoraUITests.xctest; sourceTree = BUILT_PRODUCTS_DIR; };
		D9A4FFA01DB92BB4001DDC5C /* CalculadoraUITests.swift */ = {isa = PBXFileReference; lastKnownFileType = sourcecode.swift; path = CalculadoraUITests.swift; sourceTree = "<group>"; };
		D9A4FFA21DB92BB4001DDC5C /* Info.plist */ = {isa = PBXFileReference; lastKnownFileType = text.plist.xml; path = Info.plist; sourceTree = "<group>"; };
/* End PBXFileReference section */

/* Begin PBXFrameworksBuildPhase section */
		D9A4FF7A1DB92BB3001DDC5C /* Frameworks */ = {
			isa = PBXFrameworksBuildPhase;
			buildActionMask = 2147483647;
			files = (
			);
			runOnlyForDeploymentPostprocessing = 0;
		};
		D9A4FF8E1DB92BB4001DDC5C /* Frameworks */ = {
			isa = PBXFrameworksBuildPhase;
			buildActionMask = 2147483647;
			files = (
			);
			runOnlyForDeploymentPostprocessing = 0;
		};
		D9A4FF991DB92BB4001DDC5C /* Frameworks */ = {
			isa = PBXFrameworksBuildPhase;
			buildActionMask = 2147483647;
			files = (
			);
			runOnlyForDeploymentPostprocessing = 0;
		};
/* End PBXFrameworksBuildPhase section */

/* Begin PBXGroup section */
		D9A4FF741DB92BB3001DDC5C = {
			isa = PBXGroup;
			children = (
				D9A4FF7F1DB92BB3001DDC5C /* Calculadora */,
				D9A4FF941DB92BB4001DDC5C /* CalculadoraTests */,
				D9A4FF9F1DB92BB4001DDC5C /* CalculadoraUITests */,
				D9A4FF7E1DB92BB3001DDC5C /* Products */,
			);
			sourceTree = "<group>";
		};
		D9A4FF7E1DB92BB3001DDC5C /* Products */ = {
			isa = PBXGroup;
			children = (
				D9A4FF7D1DB92BB3001DDC5C /* Calculadora.app */,
				D9A4FF911DB92BB4001DDC5C /* CalculadoraTests.xctest */,
				D9A4FF9C1DB92BB4001DDC5C /* CalculadoraUITests.xctest */,
			);
			name = Products;
			sourceTree = "<group>";
		};
		D9A4FF7F1DB92BB3001DDC5C /* Calculadora */ = {
			isa = PBXGroup;
			children = (
				D9A4FF801DB92BB3001DDC5C /* AppDelegate.swift */,
				D9A4FF821DB92BB3001DDC5C /* ViewController.swift */,
				D9A4FF841DB92BB4001DDC5C /* Main.storyboard */,
				D9A4FF871DB92BB4001DDC5C /* Assets.xcassets */,
				D9A4FF891DB92BB4001DDC5C /* LaunchScreen.storyboard */,
				D9A4FF8C1DB92BB4001DDC5C /* Info.plist */,
			);
			path = Calculadora;
			sourceTree = "<group>";
		};
		D9A4FF941DB92BB4001DDC5C /* CalculadoraTests */ = {
			isa = PBXGroup;
			children = (
				D9A4FF951DB92BB4001DDC5C /* CalculadoraTests.swift */,
				D9A4FF971DB92BB4001DDC5C /* Info.plist */,
			);
			path = CalculadoraTests;
			sourceTree = "<group>";
		};
		D9A4FF9F1DB92BB4001DDC5C /* CalculadoraUITests */ = {
			isa = PBXGroup;
			children = (
				D9A4FFA01DB92BB4001DDC5C /* CalculadoraUITests.swift */,
				D9A4FFA21DB92BB4001DDC5C /* Info.plist */,
			);
			path = CalculadoraUITests;
			sourceTree = "<group>";
		};
/* End PBXGroup section */

/* Begin PBXNativeTarget section */
		D9A4FF7C1DB92BB3001DDC5C /* Calculadora */ = {
			isa = PBXNativeTarget;
			buildConfigurationList = D9A4FFA51DB92BB4001DDC5C /* Build configuration list for PBXNativeTarget "Calculadora" */;
			buildPhases = (
				D9A4FF791DB92BB3001DDC5C /* Sources */,
				D9A4FF7A1DB92BB3001DDC5C /* Frameworks */,
				D9A4FF7B1DB92BB3001DDC5C /* Resources */,
			);
			buildRules = (
			);
			dependencies = (
			);
			name = Calculadora;
			productName = Calculadora;
			productReference = D9A4FF7D1DB92BB3001DDC5C /* Calculadora.app */;
			productType = "com.apple.product-type.application";
		};
		D9A4FF901DB92BB4001DDC5C /* CalculadoraTests */ = {
			isa = PBXNativeTarget;
			buildConfigurationList = D9A4FFA81DB92BB4001DDC5C /* Build configuration list for PBXNativeTarget "CalculadoraTests" */;
			buildPhases = (
				D9A4FF8D1DB92BB4001DDC5C /* Sources */,
				D9A4FF8E1DB92BB4001DDC5C /* Frameworks */,
				D9A4FF8F1DB92BB4001DDC5C /* Resources */,
			);
			buildRules = (
			);
			dependencies = (
				D9A4FF931DB92BB4001DDC5C /* PBXTargetDependency */,
			);
			name = CalculadoraTests;
			productName = CalculadoraTests;
			productReference = D9A4FF911DB92BB4001DDC5C /* CalculadoraTests.xctest */;
			productType = "com.apple.product-type.bundle.unit-test";
		};
		D9A4FF9B1DB92BB4001DDC5C /* CalculadoraUITests */ = {
			isa = PBXNativeTarget;
			buildConfigurationList = D9A4FFAB1DB92BB4001DDC5C /* Build configuration list for PBXNativeTarget "CalculadoraUITests" */;
			buildPhases = (
				D9A4FF981DB92BB4001DDC5C /* Sources */,
				D9A4FF991DB92BB4001DDC5C /* Frameworks */,
				D9A4FF9A1DB92BB4001DDC5C /* Resources */,
			);
			buildRules = (
			);
			dependencies = (
				D9A4FF9E1DB92BB4001DDC5C /* PBXTargetDependency */,
			);
			name = CalculadoraUITests;
			productName = CalculadoraUITests;
			productReference = D9A4FF9C1DB92BB4001DDC5C /* CalculadoraUITests.xctest */;
			productType = "com.apple.product-type.bundle.ui-testing";
		};
/* End PBXNativeTarget section */

/* Begin PBXProject section */
		D9A4FF751DB92BB3001DDC5C /* Project object */ = {
			isa = PBXProject;
			attributes = {
				LastUpgradeCheck = 0700;
				ORGANIZATIONNAME = Stucom;
				TargetAttributes = {
					D9A4FF7C1DB92BB3001DDC5C = {
						CreatedOnToolsVersion = 7.0;
					};
					D9A4FF901DB92BB4001DDC5C = {
						CreatedOnToolsVersion = 7.0;
						TestTargetID = D9A4FF7C1DB92BB3001DDC5C;
					};
					D9A4FF9B1DB92BB4001DDC5C = {
						CreatedOnToolsVersion = 7.0;
						TestTargetID = D9A4FF7C1DB92BB3001DDC5C;
					};
				};
			};
			buildConfigurationList = D9A4FF781DB92BB3001DDC5C /* Build configuration list for PBXProject "Calculadora" */;
			compatibilityVersion = "Xcode 3.2";
			developmentRegion = English;
			hasScannedForEncodings = 0;
			knownRegions = (
				en,
				Base,
			);
			mainGroup = D9A4FF741DB92BB3001DDC5C;
			productRefGroup = D9A4FF7E1DB92BB3001DDC5C /* Products */;
			projectDirPath = "";
			projectRoot = "";
			targets = (
				D9A4FF7C1DB92BB3001DDC5C /* Calculadora */,
				D9A4FF901DB92BB4001DDC5C /* CalculadoraTests */,
				D9A4FF9B1DB92BB4001DDC5C /* CalculadoraUITests */,
			);
		};
/* End PBXProject section */

/* Begin PBXResourcesBuildPhase section */
		D9A4FF7B1DB92BB3001DDC5C /* Resources */ = {
			isa = PBXResourcesBuildPhase;
			buildActionMask = 2147483647;
			files = (
				D9A4FF8B1DB92BB4001DDC5C /* LaunchScreen.storyboard in Resources */,
				D9A4FF881DB92BB4001DDC5C /* Assets.xcassets in Resources */,
				D9A4FF861DB92BB4001DDC5C /* Main.storyboard in Resources */,
			);
			runOnlyForDeploymentPostprocessing = 0;
		};
		D9A4FF8F1DB92BB4001DDC5C /* Resources */ = {
			isa = PBXResourcesBuildPhase;
			buildActionMask = 2147483647;
			files = (
			);
			runOnlyForDeploymentPostprocessing = 0;
		};
		D9A4FF9A1DB92BB4001DDC5C /* Resources */ = {
			isa = PBXResourcesBuildPhase;
			buildActionMask = 2147483647;
			files = (
			);
			runOnlyForDeploymentPostprocessing = 0;
		};
/* End PBXResourcesBuildPhase section */

/* Begin PBXSourcesBuildPhase section */
		D9A4FF791DB92BB3001DDC5C /* Sources */ = {
			isa = PBXSourcesBuildPhase;
			buildActionMask = 2147483647;
			files = (
				D9A4FF831DB92BB3001DDC5C /* ViewController.swift in Sources */,
				D9A4FF811DB92BB3001DDC5C /* AppDelegate.swift in Sources */,
			);
			runOnlyForDeploymentPostprocessing = 0;
		};
		D9A4FF8D1DB92BB4001DDC5C /* Sources */ = {
			isa = PBXSourcesBuildPhase;
			buildActionMask = 2147483647;
			files = (
				D9A4FF961DB92BB4001DDC5C /* CalculadoraTests.swift in Sources */,
			);
			runOnlyForDeploymentPostprocessing = 0;
		};
		D9A4FF981DB92BB4001DDC5C /* Sources */ = {
			isa = PBXSourcesBuildPhase;
			buildActionMask = 2147483647;
			files = (
				D9A4FFA11DB92BB4001DDC5C /* CalculadoraUITests.swift in Sources */,
			);
			runOnlyForDeploymentPostprocessing = 0;
		};
/* End PBXSourcesBuildPhase section */

/* Begin PBXTargetDependency section */
		D9A4FF931DB92BB4001DDC5C /* PBXTargetDependency */ = {
			isa = PBXTargetDependency;
			target = D9A4FF7C1DB92BB3001DDC5C /* Calculadora */;
			targetProxy = D9A4FF921DB92BB4001DDC5C /* PBXContainerItemProxy */;
		};
		D9A4FF9E1DB92BB4001DDC5C /* PBXTargetDependency */ = {
			isa = PBXTargetDependency;
			target = D9A4FF7C1DB92BB3001DDC5C /* Calculadora */;
			targetProxy = D9A4FF9D1DB92BB4001DDC5C /* PBXContainerItemProxy */;
		};
/* End PBXTargetDependency section */

/* Begin PBXVariantGroup section */
		D9A4FF841DB92BB4001DDC5C /* Main.storyboard */ = {
			isa = PBXVariantGroup;
			children = (
				D9A4FF851DB92BB4001DDC5C /* Base */,
			);
			name = Main.storyboard;
			sourceTree = "<group>";
		};
		D9A4FF891DB92BB4001DDC5C /* LaunchScreen.storyboard */ = {
			isa = PBXVariantGroup;
			children = (
				D9A4FF8A1DB92BB4001DDC5C /* Base */,
			);
			name = LaunchScreen.storyboard;
			sourceTree = "<group>";
		};
/* End PBXVariantGroup section */

/* Begin XCBuildConfiguration section */
		D9A4FFA31DB92BB4001DDC5C /* Debug */ = {
			isa = XCBuildConfiguration;
			buildSettings = {
				ALWAYS_SEARCH_USER_PATHS = NO;
				CLANG_CXX_LANGUAGE_STANDARD = "gnu++0x";
				CLANG_CXX_LIBRARY = "libc++";
				CLANG_ENABLE_MODULES = YES;
				CLANG_ENABLE_OBJC_ARC = YES;
				CLANG_WARN_BOOL_CONVERSION = YES;
				CLANG_WARN_CONSTANT_CONVERSION = YES;
				CLANG_WARN_DIRECT_OBJC_ISA_USAGE = YES_ERROR;
				CLANG_WARN_EMPTY_BODY = YES;
				CLANG_WARN_ENUM_CONVERSION = YES;
				CLANG_WARN_INT_CONVERSION = YES;
				CLANG_WARN_OBJC_ROOT_CLASS = YES_ERROR;
				CLANG_WARN_UNREACHABLE_CODE = YES;
				CLANG_WARN__DUPLICATE_METHOD_MATCH = YES;
				"CODE_SIGN_IDENTITY[sdk=iphoneos*]" = "iPhone Developer";
				COPY_PHASE_STRIP = NO;
				DEBUG_INFORMATION_FORMAT = dwarf;
				ENABLE_STRICT_OBJC_MSGSEND = YES;
				ENABLE_TESTABILITY = YES;
				GCC_C_LANGUAGE_STANDARD = gnu99;
				GCC_DYNAMIC_NO_PIC = NO;
				GCC_NO_COMMON_BLOCKS = YES;
				GCC_OPTIMIZATION_LEVEL = 0;
				GCC_PREPROCESSOR_DEFINITIONS = (
					"DEBUG=1",
					"$(inherited)",
				);
				GCC_WARN_64_TO_32_BIT_CONVERSION = YES;
				GCC_WARN_ABOUT_RETURN_TYPE = YES_ERROR;
				GCC_WARN_UNDECLARED_SELECTOR = YES;
				GCC_WARN_UNINITIALIZED_AUTOS = YES_AGGRESSIVE;
				GCC_WARN_UNUSED_FUNCTION = YES;
				GCC_WARN_UNUSED_VARIABLE = YES;
				IPHONEOS_DEPLOYMENT_TARGET = 9.0;
				MTL_ENABLE_DEBUG_INFO = YES;
				ONLY_ACTIVE_ARCH = YES;
				SDKROOT = iphoneos;
				SWIFT_OPTIMIZATION_LEVEL = "-Onone";
			};
			name = Debug;
		};
		D9A4FFA41DB92BB4001DDC5C /* Release */ = {
			isa = XCBuildConfiguration;
			buildSettings = {
				ALWAYS_SEARCH_USER_PATHS = NO;
				CLANG_CXX_LANGUAGE_STANDARD = "gnu++0x";
				CLANG_CXX_LIBRARY = "libc++";
				CLANG_ENABLE_MODULES = YES;
				CLANG_ENABLE_OBJC_ARC = YES;
				CLANG_WARN_BOOL_CONVERSION = YES;
				CLANG_WARN_CONSTANT_CONVERSION = YES;
				CLANG_WARN_DIRECT_OBJC_ISA_USAGE = YES_ERROR;
				CLANG_WARN_EMPTY_BODY = YES;
				CLANG_WARN_ENUM_CONVERSION = YES;
				CLANG_WARN_INT_CONVERSION = YES;
				CLANG_WARN_OBJC_ROOT_CLASS = YES_ERROR;
				CLANG_WARN_UNREACHABLE_CODE = YES;
				CLANG_WARN__DUPLICATE_METHOD_MATCH = YES;
				"CODE_SIGN_IDENTITY[sdk=iphoneos*]" = "iPhone Developer";
				COPY_PHASE_STRIP = NO;
				DEBUG_INFORMATION_FORMAT = "dwarf-with-dsym";
				ENABLE_NS_ASSERTIONS = NO;
				ENABLE_STRICT_OBJC_MSGSEND = YES;
				GCC_C_LANGUAGE_STANDARD = gnu99;
				GCC_NO_COMMON_BLOCKS = YES;
				GCC_WARN_64_TO_32_BIT_CONVERSION = YES;
				GCC_WARN_ABOUT_RETURN_TYPE = YES_ERROR;
				GCC_WARN_UNDECLARED_SELECTOR = YES;
				GCC_WARN_UNINITIALIZED_AUTOS = YES_AGGRESSIVE;
				GCC_WARN_UNUSED_FUNCTION = YES;
				GCC_WARN_UNUSED_VARIABLE = YES;
				IPHONEOS_DEPLOYMENT_TARGET = 9.0;
				MTL_ENABLE_DEBUG_INFO = NO;
				SDKROOT = iphoneos;
				VALIDATE_PRODUCT = YES;
			};
			name = Release;
		};
		D9A4FFA61DB92BB4001DDC5C /* Debug */ = {
			isa = XCBuildConfiguration;
			buildSettings = {
				ASSETCATALOG_COMPILER_APPICON_NAME = AppIcon;
				INFOPLIST_FILE = Calculadora/Info.plist;
				LD_RUNPATH_SEARCH_PATHS = "$(inherited) @executable_path/Frameworks";
				PRODUCT_BUNDLE_IDENTIFIER = mar.stucom.Calculadora;
				PRODUCT_NAME = "$(TARGET_NAME)";
			};
			name = Debug;
		};
		D9A4FFA71DB92BB4001DDC5C /* Release */ = {
			isa = XCBuildConfiguration;
			buildSettings = {
				ASSETCATALOG_COMPILER_APPICON_NAME = AppIcon;
				INFOPLIST_FILE = Calculadora/Info.plist;
				LD_RUNPATH_SEARCH_PATHS = "$(inherited) @executable_path/Frameworks";
				PRODUCT_BUNDLE_IDENTIFIER = mar.stucom.Calculadora;
				PRODUCT_NAME = "$(TARGET_NAME)";
			};
			name = Release;
		};
		D9A4FFA91DB92BB4001DDC5C /* Debug */ = {
			isa = XCBuildConfiguration;
			buildSettings = {
				BUNDLE_LOADER = "$(TEST_HOST)";
				INFOPLIST_FILE = CalculadoraTests/Info.plist;
				LD_RUNPATH_SEARCH_PATHS = "$(inherited) @executable_path/Frameworks @loader_path/Frameworks";
				PRODUCT_BUNDLE_IDENTIFIER = mar.stucom.CalculadoraTests;
				PRODUCT_NAME = "$(TARGET_NAME)";
				TEST_HOST = "$(BUILT_PRODUCTS_DIR)/Calculadora.app/Calculadora";
			};
			name = Debug;
		};
		D9A4FFAA1DB92BB4001DDC5C /* Release */ = {
			isa = XCBuildConfiguration;
			buildSettings = {
				BUNDLE_LOADER = "$(TEST_HOST)";
				INFOPLIST_FILE = CalculadoraTests/Info.plist;
				LD_RUNPATH_SEARCH_PATHS = "$(inherited) @executable_path/Frameworks @loader_path/Frameworks";
				PRODUCT_BUNDLE_IDENTIFIER = mar.stucom.CalculadoraTests;
				PRODUCT_NAME = "$(TARGET_NAME)";
				TEST_HOST = "$(BUILT_PRODUCTS_DIR)/Calculadora.app/Calculadora";
			};
			name = Release;
		};
		D9A4FFAC1DB92BB4001DDC5C /* Debug */ = {
			isa = XCBuildConfiguration;
			buildSettings = {
				INFOPLIST_FILE = CalculadoraUITests/Info.plist;
				LD_RUNPATH_SEARCH_PATHS = "$(inherited) @executable_path/Frameworks @loader_path/Frameworks";
				PRODUCT_BUNDLE_IDENTIFIER = mar.stucom.CalculadoraUITests;
				PRODUCT_NAME = "$(TARGET_NAME)";
				TEST_TARGET_NAME = Calculadora;
				USES_XCTRUNNER = YES;
			};
			name = Debug;
		};
		D9A4FFAD1DB92BB4001DDC5C /* Release */ = {
			isa = XCBuildConfiguration;
			buildSettings = {
				INFOPLIST_FILE = CalculadoraUITests/Info.plist;
				LD_RUNPATH_SEARCH_PATHS = "$(inherited) @executable_path/Frameworks @loader_path/Frameworks";
				PRODUCT_BUNDLE_IDENTIFIER = mar.stucom.CalculadoraUITests;
				PRODUCT_NAME = "$(TARGET_NAME)";
				TEST_TARGET_NAME = Calculadora;
				USES_XCTRUNNER = YES;
			};
			name = Release;
		};
/* End XCBuildConfiguration section */

/* Begin XCConfigurationList section */
		D9A4FF781DB92BB3001DDC5C /* Build configuration list for PBXProject "Calculadora" */ = {
			isa = XCConfigurationList;
			buildConfigurations = (
				D9A4FFA31DB92BB4001DDC5C /* Debug */,
				D9A4FFA41DB92BB4001DDC5C /* Release */,
			);
			defaultConfigurationIsVisible = 0;
			defaultConfigurationName = Release;
		};
		D9A4FFA51DB92BB4001DDC5C /* Build configuration list for PBXNativeTarget "Calculadora" */ = {
			isa = XCConfigurationList;
			buildConfigurations = (
				D9A4FFA61DB92BB4001DDC5C /* Debug */,
				D9A4FFA71DB92BB4001DDC5C /* Release */,
			);
			defaultConfigurationIsVisible = 0;
		};
		D9A4FFA81DB92BB4001DDC5C /* Build configuration list for PBXNativeTarget "CalculadoraTests" */ = {
			isa = XCConfigurationList;
			buildConfigurations = (
				D9A4FFA91DB92BB4001DDC5C /* Debug */,
				D9A4FFAA1DB92BB4001DDC5C /* Release */,
			);
			defaultConfigurationIsVisible = 0;
		};
		D9A4FFAB1DB92BB4001DDC5C /* Build configuration list for PBXNativeTarget "CalculadoraUITests" */ = {
			isa = XCConfigurationList;
			buildConfigurations = (
				D9A4FFAC1DB92BB4001DDC5C /* Debug */,
				D9A4FFAD1DB92BB4001DDC5C /* Release */,
			);
			defaultConfigurationIsVisible = 0;
		};
/* End XCConfigurationList section */
	};
	rootObject = D9A4FF751DB92BB3001DDC5C /* Project object */;
}
