// !$*UTF8*$!
{
	archiveVersion = 1;
	classes = {
	};
	objectVersion = 46;
	objects = {

/* Begin PBXBuildFile section */
		3341AB091E09BD3F003840D8 /* CeldaPersonalizadaTableViewCell.swift in Sources */ = {isa = PBXBuildFile; fileRef = 3341AB081E09BD3F003840D8 /* CeldaPersonalizadaTableViewCell.swift */; };
		337FF2EA1E030DC70091B1F7 /* AppDelegate.swift in Sources */ = {isa = PBXBuildFile; fileRef = 337FF2E91E030DC70091B1F7 /* AppDelegate.swift */; };
		337FF2EC1E030DC70091B1F7 /* FirstViewController.swift in Sources */ = {isa = PBXBuildFile; fileRef = 337FF2EB1E030DC70091B1F7 /* FirstViewController.swift */; };
		337FF2EE1E030DC70091B1F7 /* SecondViewController.swift in Sources */ = {isa = PBXBuildFile; fileRef = 337FF2ED1E030DC70091B1F7 /* SecondViewController.swift */; };
		337FF2F11E030DC70091B1F7 /* Main.storyboard in Resources */ = {isa = PBXBuildFile; fileRef = 337FF2EF1E030DC70091B1F7 /* Main.storyboard */; };
		337FF2F31E030DC70091B1F7 /* Assets.xcassets in Resources */ = {isa = PBXBuildFile; fileRef = 337FF2F21E030DC70091B1F7 /* Assets.xcassets */; };
		337FF2F61E030DC70091B1F7 /* LaunchScreen.storyboard in Resources */ = {isa = PBXBuildFile; fileRef = 337FF2F41E030DC70091B1F7 /* LaunchScreen.storyboard */; };
		337FF3011E030DC70091B1F7 /* ListaDeTareasTests.swift in Sources */ = {isa = PBXBuildFile; fileRef = 337FF3001E030DC70091B1F7 /* ListaDeTareasTests.swift */; };
		337FF30C1E030DC70091B1F7 /* ListaDeTareasUITests.swift in Sources */ = {isa = PBXBuildFile; fileRef = 337FF30B1E030DC70091B1F7 /* ListaDeTareasUITests.swift */; };
		337FF31A1E0310050091B1F7 /* Tarea.swift in Sources */ = {isa = PBXBuildFile; fileRef = 337FF3191E0310050091B1F7 /* Tarea.swift */; };
/* End PBXBuildFile section */

/* Begin PBXContainerItemProxy section */
		337FF2FD1E030DC70091B1F7 /* PBXContainerItemProxy */ = {
			isa = PBXContainerItemProxy;
			containerPortal = 337FF2DE1E030DC60091B1F7 /* Project object */;
			proxyType = 1;
			remoteGlobalIDString = 337FF2E51E030DC70091B1F7;
			remoteInfo = ListaDeTareas;
		};
		337FF3081E030DC70091B1F7 /* PBXContainerItemProxy */ = {
			isa = PBXContainerItemProxy;
			containerPortal = 337FF2DE1E030DC60091B1F7 /* Project object */;
			proxyType = 1;
			remoteGlobalIDString = 337FF2E51E030DC70091B1F7;
			remoteInfo = ListaDeTareas;
		};
/* End PBXContainerItemProxy section */

/* Begin PBXFileReference section */
		3341AB081E09BD3F003840D8 /* CeldaPersonalizadaTableViewCell.swift */ = {isa = PBXFileReference; fileEncoding = 4; lastKnownFileType = sourcecode.swift; path = CeldaPersonalizadaTableViewCell.swift; sourceTree = "<group>"; };
		337FF2E61E030DC70091B1F7 /* ListaDeTareas.app */ = {isa = PBXFileReference; explicitFileType = wrapper.application; includeInIndex = 0; path = ListaDeTareas.app; sourceTree = BUILT_PRODUCTS_DIR; };
		337FF2E91E030DC70091B1F7 /* AppDelegate.swift */ = {isa = PBXFileReference; lastKnownFileType = sourcecode.swift; path = AppDelegate.swift; sourceTree = "<group>"; };
		337FF2EB1E030DC70091B1F7 /* FirstViewController.swift */ = {isa = PBXFileReference; lastKnownFileType = sourcecode.swift; path = FirstViewController.swift; sourceTree = "<group>"; };
		337FF2ED1E030DC70091B1F7 /* SecondViewController.swift */ = {isa = PBXFileReference; lastKnownFileType = sourcecode.swift; path = SecondViewController.swift; sourceTree = "<group>"; };
		337FF2F01E030DC70091B1F7 /* Base */ = {isa = PBXFileReference; lastKnownFileType = file.storyboard; name = Base; path = Base.lproj/Main.storyboard; sourceTree = "<group>"; };
		337FF2F21E030DC70091B1F7 /* Assets.xcassets */ = {isa = PBXFileReference; lastKnownFileType = folder.assetcatalog; path = Assets.xcassets; sourceTree = "<group>"; };
		337FF2F51E030DC70091B1F7 /* Base */ = {isa = PBXFileReference; lastKnownFileType = file.storyboard; name = Base; path = Base.lproj/LaunchScreen.storyboard; sourceTree = "<group>"; };
		337FF2F71E030DC70091B1F7 /* Info.plist */ = {isa = PBXFileReference; lastKnownFileType = text.plist.xml; path = Info.plist; sourceTree = "<group>"; };
		337FF2FC1E030DC70091B1F7 /* ListaDeTareasTests.xctest */ = {isa = PBXFileReference; explicitFileType = wrapper.cfbundle; includeInIndex = 0; path = ListaDeTareasTests.xctest; sourceTree = BUILT_PRODUCTS_DIR; };
		337FF3001E030DC70091B1F7 /* ListaDeTareasTests.swift */ = {isa = PBXFileReference; lastKnownFileType = sourcecode.swift; path = ListaDeTareasTests.swift; sourceTree = "<group>"; };
		337FF3021E030DC70091B1F7 /* Info.plist */ = {isa = PBXFileReference; lastKnownFileType = text.plist.xml; path = Info.plist; sourceTree = "<group>"; };
		337FF3071E030DC70091B1F7 /* ListaDeTareasUITests.xctest */ = {isa = PBXFileReference; explicitFileType = wrapper.cfbundle; includeInIndex = 0; path = ListaDeTareasUITests.xctest; sourceTree = BUILT_PRODUCTS_DIR; };
		337FF30B1E030DC70091B1F7 /* ListaDeTareasUITests.swift */ = {isa = PBXFileReference; lastKnownFileType = sourcecode.swift; path = ListaDeTareasUITests.swift; sourceTree = "<group>"; };
		337FF30D1E030DC70091B1F7 /* Info.plist */ = {isa = PBXFileReference; lastKnownFileType = text.plist.xml; path = Info.plist; sourceTree = "<group>"; };
		337FF3191E0310050091B1F7 /* Tarea.swift */ = {isa = PBXFileReference; fileEncoding = 4; lastKnownFileType = sourcecode.swift; path = Tarea.swift; sourceTree = "<group>"; };
/* End PBXFileReference section */

/* Begin PBXFrameworksBuildPhase section */
		337FF2E31E030DC70091B1F7 /* Frameworks */ = {
			isa = PBXFrameworksBuildPhase;
			buildActionMask = 2147483647;
			files = (
			);
			runOnlyForDeploymentPostprocessing = 0;
		};
		337FF2F91E030DC70091B1F7 /* Frameworks */ = {
			isa = PBXFrameworksBuildPhase;
			buildActionMask = 2147483647;
			files = (
			);
			runOnlyForDeploymentPostprocessing = 0;
		};
		337FF3041E030DC70091B1F7 /* Frameworks */ = {
			isa = PBXFrameworksBuildPhase;
			buildActionMask = 2147483647;
			files = (
			);
			runOnlyForDeploymentPostprocessing = 0;
		};
/* End PBXFrameworksBuildPhase section */

/* Begin PBXGroup section */
		337FF2DD1E030DC60091B1F7 = {
			isa = PBXGroup;
			children = (
				337FF2E81E030DC70091B1F7 /* ListaDeTareas */,
				337FF2FF1E030DC70091B1F7 /* ListaDeTareasTests */,
				337FF30A1E030DC70091B1F7 /* ListaDeTareasUITests */,
				337FF2E71E030DC70091B1F7 /* Products */,
			);
			sourceTree = "<group>";
		};
		337FF2E71E030DC70091B1F7 /* Products */ = {
			isa = PBXGroup;
			children = (
				337FF2E61E030DC70091B1F7 /* ListaDeTareas.app */,
				337FF2FC1E030DC70091B1F7 /* ListaDeTareasTests.xctest */,
				337FF3071E030DC70091B1F7 /* ListaDeTareasUITests.xctest */,
			);
			name = Products;
			sourceTree = "<group>";
		};
		337FF2E81E030DC70091B1F7 /* ListaDeTareas */ = {
			isa = PBXGroup;
			children = (
				337FF2E91E030DC70091B1F7 /* AppDelegate.swift */,
				337FF2EB1E030DC70091B1F7 /* FirstViewController.swift */,
				337FF2ED1E030DC70091B1F7 /* SecondViewController.swift */,
				337FF2EF1E030DC70091B1F7 /* Main.storyboard */,
				3341AB081E09BD3F003840D8 /* CeldaPersonalizadaTableViewCell.swift */,
				337FF2F21E030DC70091B1F7 /* Assets.xcassets */,
				337FF2F41E030DC70091B1F7 /* LaunchScreen.storyboard */,
				337FF2F71E030DC70091B1F7 /* Info.plist */,
				337FF3191E0310050091B1F7 /* Tarea.swift */,
			);
			path = ListaDeTareas;
			sourceTree = "<group>";
		};
		337FF2FF1E030DC70091B1F7 /* ListaDeTareasTests */ = {
			isa = PBXGroup;
			children = (
				337FF3001E030DC70091B1F7 /* ListaDeTareasTests.swift */,
				337FF3021E030DC70091B1F7 /* Info.plist */,
			);
			path = ListaDeTareasTests;
			sourceTree = "<group>";
		};
		337FF30A1E030DC70091B1F7 /* ListaDeTareasUITests */ = {
			isa = PBXGroup;
			children = (
				337FF30B1E030DC70091B1F7 /* ListaDeTareasUITests.swift */,
				337FF30D1E030DC70091B1F7 /* Info.plist */,
			);
			path = ListaDeTareasUITests;
			sourceTree = "<group>";
		};
/* End PBXGroup section */

/* Begin PBXNativeTarget section */
		337FF2E51E030DC70091B1F7 /* ListaDeTareas */ = {
			isa = PBXNativeTarget;
			buildConfigurationList = 337FF3101E030DC70091B1F7 /* Build configuration list for PBXNativeTarget "ListaDeTareas" */;
			buildPhases = (
				337FF2E21E030DC70091B1F7 /* Sources */,
				337FF2E31E030DC70091B1F7 /* Frameworks */,
				337FF2E41E030DC70091B1F7 /* Resources */,
			);
			buildRules = (
			);
			dependencies = (
			);
			name = ListaDeTareas;
			productName = ListaDeTareas;
			productReference = 337FF2E61E030DC70091B1F7 /* ListaDeTareas.app */;
			productType = "com.apple.product-type.application";
		};
		337FF2FB1E030DC70091B1F7 /* ListaDeTareasTests */ = {
			isa = PBXNativeTarget;
			buildConfigurationList = 337FF3131E030DC70091B1F7 /* Build configuration list for PBXNativeTarget "ListaDeTareasTests" */;
			buildPhases = (
				337FF2F81E030DC70091B1F7 /* Sources */,
				337FF2F91E030DC70091B1F7 /* Frameworks */,
				337FF2FA1E030DC70091B1F7 /* Resources */,
			);
			buildRules = (
			);
			dependencies = (
				337FF2FE1E030DC70091B1F7 /* PBXTargetDependency */,
			);
			name = ListaDeTareasTests;
			productName = ListaDeTareasTests;
			productReference = 337FF2FC1E030DC70091B1F7 /* ListaDeTareasTests.xctest */;
			productType = "com.apple.product-type.bundle.unit-test";
		};
		337FF3061E030DC70091B1F7 /* ListaDeTareasUITests */ = {
			isa = PBXNativeTarget;
			buildConfigurationList = 337FF3161E030DC70091B1F7 /* Build configuration list for PBXNativeTarget "ListaDeTareasUITests" */;
			buildPhases = (
				337FF3031E030DC70091B1F7 /* Sources */,
				337FF3041E030DC70091B1F7 /* Frameworks */,
				337FF3051E030DC70091B1F7 /* Resources */,
			);
			buildRules = (
			);
			dependencies = (
				337FF3091E030DC70091B1F7 /* PBXTargetDependency */,
			);
			name = ListaDeTareasUITests;
			productName = ListaDeTareasUITests;
			productReference = 337FF3071E030DC70091B1F7 /* ListaDeTareasUITests.xctest */;
			productType = "com.apple.product-type.bundle.ui-testing";
		};
/* End PBXNativeTarget section */

/* Begin PBXProject section */
		337FF2DE1E030DC60091B1F7 /* Project object */ = {
			isa = PBXProject;
			attributes = {
				LastSwiftUpdateCheck = 0730;
				LastUpgradeCheck = 0730;
				ORGANIZATIONNAME = Guillem;
				TargetAttributes = {
					337FF2E51E030DC70091B1F7 = {
						CreatedOnToolsVersion = 7.3.1;
					};
					337FF2FB1E030DC70091B1F7 = {
						CreatedOnToolsVersion = 7.3.1;
						TestTargetID = 337FF2E51E030DC70091B1F7;
					};
					337FF3061E030DC70091B1F7 = {
						CreatedOnToolsVersion = 7.3.1;
						TestTargetID = 337FF2E51E030DC70091B1F7;
					};
				};
			};
			buildConfigurationList = 337FF2E11E030DC70091B1F7 /* Build configuration list for PBXProject "ListaDeTareas" */;
			compatibilityVersion = "Xcode 3.2";
			developmentRegion = English;
			hasScannedForEncodings = 0;
			knownRegions = (
				en,
				Base,
			);
			mainGroup = 337FF2DD1E030DC60091B1F7;
			productRefGroup = 337FF2E71E030DC70091B1F7 /* Products */;
			projectDirPath = "";
			projectRoot = "";
			targets = (
				337FF2E51E030DC70091B1F7 /* ListaDeTareas */,
				337FF2FB1E030DC70091B1F7 /* ListaDeTareasTests */,
				337FF3061E030DC70091B1F7 /* ListaDeTareasUITests */,
			);
		};
/* End PBXProject section */

/* Begin PBXResourcesBuildPhase section */
		337FF2E41E030DC70091B1F7 /* Resources */ = {
			isa = PBXResourcesBuildPhase;
			buildActionMask = 2147483647;
			files = (
				337FF2F61E030DC70091B1F7 /* LaunchScreen.storyboard in Resources */,
				337FF2F31E030DC70091B1F7 /* Assets.xcassets in Resources */,
				337FF2F11E030DC70091B1F7 /* Main.storyboard in Resources */,
			);
			runOnlyForDeploymentPostprocessing = 0;
		};
		337FF2FA1E030DC70091B1F7 /* Resources */ = {
			isa = PBXResourcesBuildPhase;
			buildActionMask = 2147483647;
			files = (
			);
			runOnlyForDeploymentPostprocessing = 0;
		};
		337FF3051E030DC70091B1F7 /* Resources */ = {
			isa = PBXResourcesBuildPhase;
			buildActionMask = 2147483647;
			files = (
			);
			runOnlyForDeploymentPostprocessing = 0;
		};
/* End PBXResourcesBuildPhase section */

/* Begin PBXSourcesBuildPhase section */
		337FF2E21E030DC70091B1F7 /* Sources */ = {
			isa = PBXSourcesBuildPhase;
			buildActionMask = 2147483647;
			files = (
				337FF2EE1E030DC70091B1F7 /* SecondViewController.swift in Sources */,
				337FF2EA1E030DC70091B1F7 /* AppDelegate.swift in Sources */,
				337FF2EC1E030DC70091B1F7 /* FirstViewController.swift in Sources */,
				3341AB091E09BD3F003840D8 /* CeldaPersonalizadaTableViewCell.swift in Sources */,
				337FF31A1E0310050091B1F7 /* Tarea.swift in Sources */,
			);
			runOnlyForDeploymentPostprocessing = 0;
		};
		337FF2F81E030DC70091B1F7 /* Sources */ = {
			isa = PBXSourcesBuildPhase;
			buildActionMask = 2147483647;
			files = (
				337FF3011E030DC70091B1F7 /* ListaDeTareasTests.swift in Sources */,
			);
			runOnlyForDeploymentPostprocessing = 0;
		};
		337FF3031E030DC70091B1F7 /* Sources */ = {
			isa = PBXSourcesBuildPhase;
			buildActionMask = 2147483647;
			files = (
				337FF30C1E030DC70091B1F7 /* ListaDeTareasUITests.swift in Sources */,
			);
			runOnlyForDeploymentPostprocessing = 0;
		};
/* End PBXSourcesBuildPhase section */

/* Begin PBXTargetDependency section */
		337FF2FE1E030DC70091B1F7 /* PBXTargetDependency */ = {
			isa = PBXTargetDependency;
			target = 337FF2E51E030DC70091B1F7 /* ListaDeTareas */;
			targetProxy = 337FF2FD1E030DC70091B1F7 /* PBXContainerItemProxy */;
		};
		337FF3091E030DC70091B1F7 /* PBXTargetDependency */ = {
			isa = PBXTargetDependency;
			target = 337FF2E51E030DC70091B1F7 /* ListaDeTareas */;
			targetProxy = 337FF3081E030DC70091B1F7 /* PBXContainerItemProxy */;
		};
/* End PBXTargetDependency section */

/* Begin PBXVariantGroup section */
		337FF2EF1E030DC70091B1F7 /* Main.storyboard */ = {
			isa = PBXVariantGroup;
			children = (
				337FF2F01E030DC70091B1F7 /* Base */,
			);
			name = Main.storyboard;
			sourceTree = "<group>";
		};
		337FF2F41E030DC70091B1F7 /* LaunchScreen.storyboard */ = {
			isa = PBXVariantGroup;
			children = (
				337FF2F51E030DC70091B1F7 /* Base */,
			);
			name = LaunchScreen.storyboard;
			sourceTree = "<group>";
		};
/* End PBXVariantGroup section */

/* Begin XCBuildConfiguration section */
		337FF30E1E030DC70091B1F7 /* Debug */ = {
			isa = XCBuildConfiguration;
			buildSettings = {
				ALWAYS_SEARCH_USER_PATHS = NO;
				CLANG_ANALYZER_NONNULL = YES;
				CLANG_CXX_LANGUAGE_STANDARD = "gnu++0x";
				CLANG_CXX_LIBRARY = "libc++";
				CLANG_ENABLE_MODULES = YES;
				CLANG_ENABLE_OBJC_ARC = YES;
				CLANG_WARN_BOOL_CONVERSION = YES;
				CLANG_WARN_CONSTANT_CONVERSION = YES;
				CLANG_WARN_DIRECT_OBJC_ISA_USAGE = YES_ERROR;
				CLANG_WARN_EMPTY_BODY = YES;
				CLANG_WARN_ENUM_CONVERSION = YES;
				CLANG_WARN_INT_CONVERSION = YES;
				CLANG_WARN_OBJC_ROOT_CLASS = YES_ERROR;
				CLANG_WARN_UNREACHABLE_CODE = YES;
				CLANG_WARN__DUPLICATE_METHOD_MATCH = YES;
				"CODE_SIGN_IDENTITY[sdk=iphoneos*]" = "iPhone Developer";
				COPY_PHASE_STRIP = NO;
				DEBUG_INFORMATION_FORMAT = dwarf;
				ENABLE_STRICT_OBJC_MSGSEND = YES;
				ENABLE_TESTABILITY = YES;
				GCC_C_LANGUAGE_STANDARD = gnu99;
				GCC_DYNAMIC_NO_PIC = NO;
				GCC_NO_COMMON_BLOCKS = YES;
				GCC_OPTIMIZATION_LEVEL = 0;
				GCC_PREPROCESSOR_DEFINITIONS = (
					"DEBUG=1",
					"$(inherited)",
				);
				GCC_WARN_64_TO_32_BIT_CONVERSION = YES;
				GCC_WARN_ABOUT_RETURN_TYPE = YES_ERROR;
				GCC_WARN_UNDECLARED_SELECTOR = YES;
				GCC_WARN_UNINITIALIZED_AUTOS = YES_AGGRESSIVE;
				GCC_WARN_UNUSED_FUNCTION = YES;
				GCC_WARN_UNUSED_VARIABLE = YES;
				IPHONEOS_DEPLOYMENT_TARGET = 9.3;
				MTL_ENABLE_DEBUG_INFO = YES;
				ONLY_ACTIVE_ARCH = YES;
				SDKROOT = iphoneos;
				SWIFT_OPTIMIZATION_LEVEL = "-Onone";
			};
			name = Debug;
		};
		337FF30F1E030DC70091B1F7 /* Release */ = {
			isa = XCBuildConfiguration;
			buildSettings = {
				ALWAYS_SEARCH_USER_PATHS = NO;
				CLANG_ANALYZER_NONNULL = YES;
				CLANG_CXX_LANGUAGE_STANDARD = "gnu++0x";
				CLANG_CXX_LIBRARY = "libc++";
				CLANG_ENABLE_MODULES = YES;
				CLANG_ENABLE_OBJC_ARC = YES;
				CLANG_WARN_BOOL_CONVERSION = YES;
				CLANG_WARN_CONSTANT_CONVERSION = YES;
				CLANG_WARN_DIRECT_OBJC_ISA_USAGE = YES_ERROR;
				CLANG_WARN_EMPTY_BODY = YES;
				CLANG_WARN_ENUM_CONVERSION = YES;
				CLANG_WARN_INT_CONVERSION = YES;
				CLANG_WARN_OBJC_ROOT_CLASS = YES_ERROR;
				CLANG_WARN_UNREACHABLE_CODE = YES;
				CLANG_WARN__DUPLICATE_METHOD_MATCH = YES;
				"CODE_SIGN_IDENTITY[sdk=iphoneos*]" = "iPhone Developer";
				COPY_PHASE_STRIP = NO;
				DEBUG_INFORMATION_FORMAT = "dwarf-with-dsym";
				ENABLE_NS_ASSERTIONS = NO;
				ENABLE_STRICT_OBJC_MSGSEND = YES;
				GCC_C_LANGUAGE_STANDARD = gnu99;
				GCC_NO_COMMON_BLOCKS = YES;
				GCC_WARN_64_TO_32_BIT_CONVERSION = YES;
				GCC_WARN_ABOUT_RETURN_TYPE = YES_ERROR;
				GCC_WARN_UNDECLARED_SELECTOR = YES;
				GCC_WARN_UNINITIALIZED_AUTOS = YES_AGGRESSIVE;
				GCC_WARN_UNUSED_FUNCTION = YES;
				GCC_WARN_UNUSED_VARIABLE = YES;
				IPHONEOS_DEPLOYMENT_TARGET = 9.3;
				MTL_ENABLE_DEBUG_INFO = NO;
				SDKROOT = iphoneos;
				VALIDATE_PRODUCT = YES;
			};
			name = Release;
		};
		337FF3111E030DC70091B1F7 /* Debug */ = {
			isa = XCBuildConfiguration;
			buildSettings = {
				ASSETCATALOG_COMPILER_APPICON_NAME = AppIcon;
				INFOPLIST_FILE = ListaDeTareas/Info.plist;
				LD_RUNPATH_SEARCH_PATHS = "$(inherited) @executable_path/Frameworks";
				PRODUCT_BUNDLE_IDENTIFIER = Guillem.ListaDeTareas;
				PRODUCT_NAME = "$(TARGET_NAME)";
			};
			name = Debug;
		};
		337FF3121E030DC70091B1F7 /* Release */ = {
			isa = XCBuildConfiguration;
			buildSettings = {
				ASSETCATALOG_COMPILER_APPICON_NAME = AppIcon;
				INFOPLIST_FILE = ListaDeTareas/Info.plist;
				LD_RUNPATH_SEARCH_PATHS = "$(inherited) @executable_path/Frameworks";
				PRODUCT_BUNDLE_IDENTIFIER = Guillem.ListaDeTareas;
				PRODUCT_NAME = "$(TARGET_NAME)";
			};
			name = Release;
		};
		337FF3141E030DC70091B1F7 /* Debug */ = {
			isa = XCBuildConfiguration;
			buildSettings = {
				BUNDLE_LOADER = "$(TEST_HOST)";
				INFOPLIST_FILE = ListaDeTareasTests/Info.plist;
				LD_RUNPATH_SEARCH_PATHS = "$(inherited) @executable_path/Frameworks @loader_path/Frameworks";
				PRODUCT_BUNDLE_IDENTIFIER = Guillem.ListaDeTareasTests;
				PRODUCT_NAME = "$(TARGET_NAME)";
				TEST_HOST = "$(BUILT_PRODUCTS_DIR)/ListaDeTareas.app/ListaDeTareas";
			};
			name = Debug;
		};
		337FF3151E030DC70091B1F7 /* Release */ = {
			isa = XCBuildConfiguration;
			buildSettings = {
				BUNDLE_LOADER = "$(TEST_HOST)";
				INFOPLIST_FILE = ListaDeTareasTests/Info.plist;
				LD_RUNPATH_SEARCH_PATHS = "$(inherited) @executable_path/Frameworks @loader_path/Frameworks";
				PRODUCT_BUNDLE_IDENTIFIER = Guillem.ListaDeTareasTests;
				PRODUCT_NAME = "$(TARGET_NAME)";
				TEST_HOST = "$(BUILT_PRODUCTS_DIR)/ListaDeTareas.app/ListaDeTareas";
			};
			name = Release;
		};
		337FF3171E030DC70091B1F7 /* Debug */ = {
			isa = XCBuildConfiguration;
			buildSettings = {
				INFOPLIST_FILE = ListaDeTareasUITests/Info.plist;
				LD_RUNPATH_SEARCH_PATHS = "$(inherited) @executable_path/Frameworks @loader_path/Frameworks";
				PRODUCT_BUNDLE_IDENTIFIER = Guillem.ListaDeTareasUITests;
				PRODUCT_NAME = "$(TARGET_NAME)";
				TEST_TARGET_NAME = ListaDeTareas;
			};
			name = Debug;
		};
		337FF3181E030DC70091B1F7 /* Release */ = {
			isa = XCBuildConfiguration;
			buildSettings = {
				INFOPLIST_FILE = ListaDeTareasUITests/Info.plist;
				LD_RUNPATH_SEARCH_PATHS = "$(inherited) @executable_path/Frameworks @loader_path/Frameworks";
				PRODUCT_BUNDLE_IDENTIFIER = Guillem.ListaDeTareasUITests;
				PRODUCT_NAME = "$(TARGET_NAME)";
				TEST_TARGET_NAME = ListaDeTareas;
			};
			name = Release;
		};
/* End XCBuildConfiguration section */

/* Begin XCConfigurationList section */
		337FF2E11E030DC70091B1F7 /* Build configuration list for PBXProject "ListaDeTareas" */ = {
			isa = XCConfigurationList;
			buildConfigurations = (
				337FF30E1E030DC70091B1F7 /* Debug */,
				337FF30F1E030DC70091B1F7 /* Release */,
			);
			defaultConfigurationIsVisible = 0;
			defaultConfigurationName = Release;
		};
		337FF3101E030DC70091B1F7 /* Build configuration list for PBXNativeTarget "ListaDeTareas" */ = {
			isa = XCConfigurationList;
			buildConfigurations = (
				337FF3111E030DC70091B1F7 /* Debug */,
				337FF3121E030DC70091B1F7 /* Release */,
			);
			defaultConfigurationIsVisible = 0;
			defaultConfigurationName = Release;
		};
		337FF3131E030DC70091B1F7 /* Build configuration list for PBXNativeTarget "ListaDeTareasTests" */ = {
			isa = XCConfigurationList;
			buildConfigurations = (
				337FF3141E030DC70091B1F7 /* Debug */,
				337FF3151E030DC70091B1F7 /* Release */,
			);
			defaultConfigurationIsVisible = 0;
			defaultConfigurationName = Release;
		};
		337FF3161E030DC70091B1F7 /* Build configuration list for PBXNativeTarget "ListaDeTareasUITests" */ = {
			isa = XCConfigurationList;
			buildConfigurations = (
				337FF3171E030DC70091B1F7 /* Debug */,
				337FF3181E030DC70091B1F7 /* Release */,
			);
			defaultConfigurationIsVisible = 0;
			defaultConfigurationName = Release;
		};
/* End XCConfigurationList section */
	};
	rootObject = 337FF2DE1E030DC60091B1F7 /* Project object */;
}
