// !$*UTF8*$!
{
	archiveVersion = 1;
	classes = {
	};
	objectVersion = 46;
	objects = {

/* Begin PBXBuildFile section */
		3341D10B1DB695FD0079D557 /* AppDelegate.swift in Sources */ = {isa = PBXBuildFile; fileRef = 3341D10A1DB695FD0079D557 /* AppDelegate.swift */; };
		3341D10D1DB695FD0079D557 /* ViewController.swift in Sources */ = {isa = PBXBuildFile; fileRef = 3341D10C1DB695FD0079D557 /* ViewController.swift */; };
		3341D1101DB695FD0079D557 /* Main.storyboard in Resources */ = {isa = PBXBuildFile; fileRef = 3341D10E1DB695FD0079D557 /* Main.storyboard */; };
		3341D1121DB695FD0079D557 /* Assets.xcassets in Resources */ = {isa = PBXBuildFile; fileRef = 3341D1111DB695FD0079D557 /* Assets.xcassets */; };
		3341D1151DB695FD0079D557 /* LaunchScreen.storyboard in Resources */ = {isa = PBXBuildFile; fileRef = 3341D1131DB695FD0079D557 /* LaunchScreen.storyboard */; };
		3341D1201DB695FD0079D557 /* BarrasTests.swift in Sources */ = {isa = PBXBuildFile; fileRef = 3341D11F1DB695FD0079D557 /* BarrasTests.swift */; };
		3341D12B1DB695FE0079D557 /* BarrasUITests.swift in Sources */ = {isa = PBXBuildFile; fileRef = 3341D12A1DB695FE0079D557 /* BarrasUITests.swift */; };
/* End PBXBuildFile section */

/* Begin PBXContainerItemProxy section */
		3341D11C1DB695FD0079D557 /* PBXContainerItemProxy */ = {
			isa = PBXContainerItemProxy;
			containerPortal = 3341D0FF1DB695FD0079D557 /* Project object */;
			proxyType = 1;
			remoteGlobalIDString = 3341D1061DB695FD0079D557;
			remoteInfo = Barras;
		};
		3341D1271DB695FE0079D557 /* PBXContainerItemProxy */ = {
			isa = PBXContainerItemProxy;
			containerPortal = 3341D0FF1DB695FD0079D557 /* Project object */;
			proxyType = 1;
			remoteGlobalIDString = 3341D1061DB695FD0079D557;
			remoteInfo = Barras;
		};
/* End PBXContainerItemProxy section */

/* Begin PBXFileReference section */
		3341D1071DB695FD0079D557 /* Barras.app */ = {isa = PBXFileReference; explicitFileType = wrapper.application; includeInIndex = 0; path = Barras.app; sourceTree = BUILT_PRODUCTS_DIR; };
		3341D10A1DB695FD0079D557 /* AppDelegate.swift */ = {isa = PBXFileReference; lastKnownFileType = sourcecode.swift; path = AppDelegate.swift; sourceTree = "<group>"; };
		3341D10C1DB695FD0079D557 /* ViewController.swift */ = {isa = PBXFileReference; lastKnownFileType = sourcecode.swift; path = ViewController.swift; sourceTree = "<group>"; };
		3341D10F1DB695FD0079D557 /* Base */ = {isa = PBXFileReference; lastKnownFileType = file.storyboard; name = Base; path = Base.lproj/Main.storyboard; sourceTree = "<group>"; };
		3341D1111DB695FD0079D557 /* Assets.xcassets */ = {isa = PBXFileReference; lastKnownFileType = folder.assetcatalog; path = Assets.xcassets; sourceTree = "<group>"; };
		3341D1141DB695FD0079D557 /* Base */ = {isa = PBXFileReference; lastKnownFileType = file.storyboard; name = Base; path = Base.lproj/LaunchScreen.storyboard; sourceTree = "<group>"; };
		3341D1161DB695FD0079D557 /* Info.plist */ = {isa = PBXFileReference; lastKnownFileType = text.plist.xml; path = Info.plist; sourceTree = "<group>"; };
		3341D11B1DB695FD0079D557 /* BarrasTests.xctest */ = {isa = PBXFileReference; explicitFileType = wrapper.cfbundle; includeInIndex = 0; path = BarrasTests.xctest; sourceTree = BUILT_PRODUCTS_DIR; };
		3341D11F1DB695FD0079D557 /* BarrasTests.swift */ = {isa = PBXFileReference; lastKnownFileType = sourcecode.swift; path = BarrasTests.swift; sourceTree = "<group>"; };
		3341D1211DB695FE0079D557 /* Info.plist */ = {isa = PBXFileReference; lastKnownFileType = text.plist.xml; path = Info.plist; sourceTree = "<group>"; };
		3341D1261DB695FE0079D557 /* BarrasUITests.xctest */ = {isa = PBXFileReference; explicitFileType = wrapper.cfbundle; includeInIndex = 0; path = BarrasUITests.xctest; sourceTree = BUILT_PRODUCTS_DIR; };
		3341D12A1DB695FE0079D557 /* BarrasUITests.swift */ = {isa = PBXFileReference; lastKnownFileType = sourcecode.swift; path = BarrasUITests.swift; sourceTree = "<group>"; };
		3341D12C1DB695FE0079D557 /* Info.plist */ = {isa = PBXFileReference; lastKnownFileType = text.plist.xml; path = Info.plist; sourceTree = "<group>"; };
/* End PBXFileReference section */

/* Begin PBXFrameworksBuildPhase section */
		3341D1041DB695FD0079D557 /* Frameworks */ = {
			isa = PBXFrameworksBuildPhase;
			buildActionMask = 2147483647;
			files = (
			);
			runOnlyForDeploymentPostprocessing = 0;
		};
		3341D1181DB695FD0079D557 /* Frameworks */ = {
			isa = PBXFrameworksBuildPhase;
			buildActionMask = 2147483647;
			files = (
			);
			runOnlyForDeploymentPostprocessing = 0;
		};
		3341D1231DB695FE0079D557 /* Frameworks */ = {
			isa = PBXFrameworksBuildPhase;
			buildActionMask = 2147483647;
			files = (
			);
			runOnlyForDeploymentPostprocessing = 0;
		};
/* End PBXFrameworksBuildPhase section */

/* Begin PBXGroup section */
		3341D0FE1DB695FD0079D557 = {
			isa = PBXGroup;
			children = (
				3341D1091DB695FD0079D557 /* Barras */,
				3341D11E1DB695FD0079D557 /* BarrasTests */,
				3341D1291DB695FE0079D557 /* BarrasUITests */,
				3341D1081DB695FD0079D557 /* Products */,
			);
			sourceTree = "<group>";
		};
		3341D1081DB695FD0079D557 /* Products */ = {
			isa = PBXGroup;
			children = (
				3341D1071DB695FD0079D557 /* Barras.app */,
				3341D11B1DB695FD0079D557 /* BarrasTests.xctest */,
				3341D1261DB695FE0079D557 /* BarrasUITests.xctest */,
			);
			name = Products;
			sourceTree = "<group>";
		};
		3341D1091DB695FD0079D557 /* Barras */ = {
			isa = PBXGroup;
			children = (
				3341D10A1DB695FD0079D557 /* AppDelegate.swift */,
				3341D10C1DB695FD0079D557 /* ViewController.swift */,
				3341D10E1DB695FD0079D557 /* Main.storyboard */,
				3341D1111DB695FD0079D557 /* Assets.xcassets */,
				3341D1131DB695FD0079D557 /* LaunchScreen.storyboard */,
				3341D1161DB695FD0079D557 /* Info.plist */,
			);
			path = Barras;
			sourceTree = "<group>";
		};
		3341D11E1DB695FD0079D557 /* BarrasTests */ = {
			isa = PBXGroup;
			children = (
				3341D11F1DB695FD0079D557 /* BarrasTests.swift */,
				3341D1211DB695FE0079D557 /* Info.plist */,
			);
			path = BarrasTests;
			sourceTree = "<group>";
		};
		3341D1291DB695FE0079D557 /* BarrasUITests */ = {
			isa = PBXGroup;
			children = (
				3341D12A1DB695FE0079D557 /* BarrasUITests.swift */,
				3341D12C1DB695FE0079D557 /* Info.plist */,
			);
			path = BarrasUITests;
			sourceTree = "<group>";
		};
/* End PBXGroup section */

/* Begin PBXNativeTarget section */
		3341D1061DB695FD0079D557 /* Barras */ = {
			isa = PBXNativeTarget;
			buildConfigurationList = 3341D12F1DB695FE0079D557 /* Build configuration list for PBXNativeTarget "Barras" */;
			buildPhases = (
				3341D1031DB695FD0079D557 /* Sources */,
				3341D1041DB695FD0079D557 /* Frameworks */,
				3341D1051DB695FD0079D557 /* Resources */,
			);
			buildRules = (
			);
			dependencies = (
			);
			name = Barras;
			productName = Barras;
			productReference = 3341D1071DB695FD0079D557 /* Barras.app */;
			productType = "com.apple.product-type.application";
		};
		3341D11A1DB695FD0079D557 /* BarrasTests */ = {
			isa = PBXNativeTarget;
			buildConfigurationList = 3341D1321DB695FE0079D557 /* Build configuration list for PBXNativeTarget "BarrasTests" */;
			buildPhases = (
				3341D1171DB695FD0079D557 /* Sources */,
				3341D1181DB695FD0079D557 /* Frameworks */,
				3341D1191DB695FD0079D557 /* Resources */,
			);
			buildRules = (
			);
			dependencies = (
				3341D11D1DB695FD0079D557 /* PBXTargetDependency */,
			);
			name = BarrasTests;
			productName = BarrasTests;
			productReference = 3341D11B1DB695FD0079D557 /* BarrasTests.xctest */;
			productType = "com.apple.product-type.bundle.unit-test";
		};
		3341D1251DB695FE0079D557 /* BarrasUITests */ = {
			isa = PBXNativeTarget;
			buildConfigurationList = 3341D1351DB695FE0079D557 /* Build configuration list for PBXNativeTarget "BarrasUITests" */;
			buildPhases = (
				3341D1221DB695FE0079D557 /* Sources */,
				3341D1231DB695FE0079D557 /* Frameworks */,
				3341D1241DB695FE0079D557 /* Resources */,
			);
			buildRules = (
			);
			dependencies = (
				3341D1281DB695FE0079D557 /* PBXTargetDependency */,
			);
			name = BarrasUITests;
			productName = BarrasUITests;
			productReference = 3341D1261DB695FE0079D557 /* BarrasUITests.xctest */;
			productType = "com.apple.product-type.bundle.ui-testing";
		};
/* End PBXNativeTarget section */

/* Begin PBXProject section */
		3341D0FF1DB695FD0079D557 /* Project object */ = {
			isa = PBXProject;
			attributes = {
				LastUpgradeCheck = 0700;
				ORGANIZATIONNAME = DAM;
				TargetAttributes = {
					3341D1061DB695FD0079D557 = {
						CreatedOnToolsVersion = 7.0;
					};
					3341D11A1DB695FD0079D557 = {
						CreatedOnToolsVersion = 7.0;
						TestTargetID = 3341D1061DB695FD0079D557;
					};
					3341D1251DB695FE0079D557 = {
						CreatedOnToolsVersion = 7.0;
						TestTargetID = 3341D1061DB695FD0079D557;
					};
				};
			};
			buildConfigurationList = 3341D1021DB695FD0079D557 /* Build configuration list for PBXProject "Barras" */;
			compatibilityVersion = "Xcode 3.2";
			developmentRegion = English;
			hasScannedForEncodings = 0;
			knownRegions = (
				en,
				Base,
			);
			mainGroup = 3341D0FE1DB695FD0079D557;
			productRefGroup = 3341D1081DB695FD0079D557 /* Products */;
			projectDirPath = "";
			projectRoot = "";
			targets = (
				3341D1061DB695FD0079D557 /* Barras */,
				3341D11A1DB695FD0079D557 /* BarrasTests */,
				3341D1251DB695FE0079D557 /* BarrasUITests */,
			);
		};
/* End PBXProject section */

/* Begin PBXResourcesBuildPhase section */
		3341D1051DB695FD0079D557 /* Resources */ = {
			isa = PBXResourcesBuildPhase;
			buildActionMask = 2147483647;
			files = (
				3341D1151DB695FD0079D557 /* LaunchScreen.storyboard in Resources */,
				3341D1121DB695FD0079D557 /* Assets.xcassets in Resources */,
				3341D1101DB695FD0079D557 /* Main.storyboard in Resources */,
			);
			runOnlyForDeploymentPostprocessing = 0;
		};
		3341D1191DB695FD0079D557 /* Resources */ = {
			isa = PBXResourcesBuildPhase;
			buildActionMask = 2147483647;
			files = (
			);
			runOnlyForDeploymentPostprocessing = 0;
		};
		3341D1241DB695FE0079D557 /* Resources */ = {
			isa = PBXResourcesBuildPhase;
			buildActionMask = 2147483647;
			files = (
			);
			runOnlyForDeploymentPostprocessing = 0;
		};
/* End PBXResourcesBuildPhase section */

/* Begin PBXSourcesBuildPhase section */
		3341D1031DB695FD0079D557 /* Sources */ = {
			isa = PBXSourcesBuildPhase;
			buildActionMask = 2147483647;
			files = (
				3341D10D1DB695FD0079D557 /* ViewController.swift in Sources */,
				3341D10B1DB695FD0079D557 /* AppDelegate.swift in Sources */,
			);
			runOnlyForDeploymentPostprocessing = 0;
		};
		3341D1171DB695FD0079D557 /* Sources */ = {
			isa = PBXSourcesBuildPhase;
			buildActionMask = 2147483647;
			files = (
				3341D1201DB695FD0079D557 /* BarrasTests.swift in Sources */,
			);
			runOnlyForDeploymentPostprocessing = 0;
		};
		3341D1221DB695FE0079D557 /* Sources */ = {
			isa = PBXSourcesBuildPhase;
			buildActionMask = 2147483647;
			files = (
				3341D12B1DB695FE0079D557 /* BarrasUITests.swift in Sources */,
			);
			runOnlyForDeploymentPostprocessing = 0;
		};
/* End PBXSourcesBuildPhase section */

/* Begin PBXTargetDependency section */
		3341D11D1DB695FD0079D557 /* PBXTargetDependency */ = {
			isa = PBXTargetDependency;
			target = 3341D1061DB695FD0079D557 /* Barras */;
			targetProxy = 3341D11C1DB695FD0079D557 /* PBXContainerItemProxy */;
		};
		3341D1281DB695FE0079D557 /* PBXTargetDependency */ = {
			isa = PBXTargetDependency;
			target = 3341D1061DB695FD0079D557 /* Barras */;
			targetProxy = 3341D1271DB695FE0079D557 /* PBXContainerItemProxy */;
		};
/* End PBXTargetDependency section */

/* Begin PBXVariantGroup section */
		3341D10E1DB695FD0079D557 /* Main.storyboard */ = {
			isa = PBXVariantGroup;
			children = (
				3341D10F1DB695FD0079D557 /* Base */,
			);
			name = Main.storyboard;
			sourceTree = "<group>";
		};
		3341D1131DB695FD0079D557 /* LaunchScreen.storyboard */ = {
			isa = PBXVariantGroup;
			children = (
				3341D1141DB695FD0079D557 /* Base */,
			);
			name = LaunchScreen.storyboard;
			sourceTree = "<group>";
		};
/* End PBXVariantGroup section */

/* Begin XCBuildConfiguration section */
		3341D12D1DB695FE0079D557 /* Debug */ = {
			isa = XCBuildConfiguration;
			buildSettings = {
				ALWAYS_SEARCH_USER_PATHS = NO;
				CLANG_CXX_LANGUAGE_STANDARD = "gnu++0x";
				CLANG_CXX_LIBRARY = "libc++";
				CLANG_ENABLE_MODULES = YES;
				CLANG_ENABLE_OBJC_ARC = YES;
				CLANG_WARN_BOOL_CONVERSION = YES;
				CLANG_WARN_CONSTANT_CONVERSION = YES;
				CLANG_WARN_DIRECT_OBJC_ISA_USAGE = YES_ERROR;
				CLANG_WARN_EMPTY_BODY = YES;
				CLANG_WARN_ENUM_CONVERSION = YES;
				CLANG_WARN_INT_CONVERSION = YES;
				CLANG_WARN_OBJC_ROOT_CLASS = YES_ERROR;
				CLANG_WARN_UNREACHABLE_CODE = YES;
				CLANG_WARN__DUPLICATE_METHOD_MATCH = YES;
				"CODE_SIGN_IDENTITY[sdk=iphoneos*]" = "iPhone Developer";
				COPY_PHASE_STRIP = NO;
				DEBUG_INFORMATION_FORMAT = dwarf;
				ENABLE_STRICT_OBJC_MSGSEND = YES;
				ENABLE_TESTABILITY = YES;
				GCC_C_LANGUAGE_STANDARD = gnu99;
				GCC_DYNAMIC_NO_PIC = NO;
				GCC_NO_COMMON_BLOCKS = YES;
				GCC_OPTIMIZATION_LEVEL = 0;
				GCC_PREPROCESSOR_DEFINITIONS = (
					"DEBUG=1",
					"$(inherited)",
				);
				GCC_WARN_64_TO_32_BIT_CONVERSION = YES;
				GCC_WARN_ABOUT_RETURN_TYPE = YES_ERROR;
				GCC_WARN_UNDECLARED_SELECTOR = YES;
				GCC_WARN_UNINITIALIZED_AUTOS = YES_AGGRESSIVE;
				GCC_WARN_UNUSED_FUNCTION = YES;
				GCC_WARN_UNUSED_VARIABLE = YES;
				IPHONEOS_DEPLOYMENT_TARGET = 9.0;
				MTL_ENABLE_DEBUG_INFO = YES;
				ONLY_ACTIVE_ARCH = YES;
				SDKROOT = iphoneos;
				SWIFT_OPTIMIZATION_LEVEL = "-Onone";
			};
			name = Debug;
		};
		3341D12E1DB695FE0079D557 /* Release */ = {
			isa = XCBuildConfiguration;
			buildSettings = {
				ALWAYS_SEARCH_USER_PATHS = NO;
				CLANG_CXX_LANGUAGE_STANDARD = "gnu++0x";
				CLANG_CXX_LIBRARY = "libc++";
				CLANG_ENABLE_MODULES = YES;
				CLANG_ENABLE_OBJC_ARC = YES;
				CLANG_WARN_BOOL_CONVERSION = YES;
				CLANG_WARN_CONSTANT_CONVERSION = YES;
				CLANG_WARN_DIRECT_OBJC_ISA_USAGE = YES_ERROR;
				CLANG_WARN_EMPTY_BODY = YES;
				CLANG_WARN_ENUM_CONVERSION = YES;
				CLANG_WARN_INT_CONVERSION = YES;
				CLANG_WARN_OBJC_ROOT_CLASS = YES_ERROR;
				CLANG_WARN_UNREACHABLE_CODE = YES;
				CLANG_WARN__DUPLICATE_METHOD_MATCH = YES;
				"CODE_SIGN_IDENTITY[sdk=iphoneos*]" = "iPhone Developer";
				COPY_PHASE_STRIP = NO;
				DEBUG_INFORMATION_FORMAT = "dwarf-with-dsym";
				ENABLE_NS_ASSERTIONS = NO;
				ENABLE_STRICT_OBJC_MSGSEND = YES;
				GCC_C_LANGUAGE_STANDARD = gnu99;
				GCC_NO_COMMON_BLOCKS = YES;
				GCC_WARN_64_TO_32_BIT_CONVERSION = YES;
				GCC_WARN_ABOUT_RETURN_TYPE = YES_ERROR;
				GCC_WARN_UNDECLARED_SELECTOR = YES;
				GCC_WARN_UNINITIALIZED_AUTOS = YES_AGGRESSIVE;
				GCC_WARN_UNUSED_FUNCTION = YES;
				GCC_WARN_UNUSED_VARIABLE = YES;
				IPHONEOS_DEPLOYMENT_TARGET = 9.0;
				MTL_ENABLE_DEBUG_INFO = NO;
				SDKROOT = iphoneos;
				VALIDATE_PRODUCT = YES;
			};
			name = Release;
		};
		3341D1301DB695FE0079D557 /* Debug */ = {
			isa = XCBuildConfiguration;
			buildSettings = {
				ASSETCATALOG_COMPILER_APPICON_NAME = AppIcon;
				INFOPLIST_FILE = Barras/Info.plist;
				LD_RUNPATH_SEARCH_PATHS = "$(inherited) @executable_path/Frameworks";
				PRODUCT_BUNDLE_IDENTIFIER = Guillem.Barras;
				PRODUCT_NAME = "$(TARGET_NAME)";
			};
			name = Debug;
		};
		3341D1311DB695FE0079D557 /* Release */ = {
			isa = XCBuildConfiguration;
			buildSettings = {
				ASSETCATALOG_COMPILER_APPICON_NAME = AppIcon;
				INFOPLIST_FILE = Barras/Info.plist;
				LD_RUNPATH_SEARCH_PATHS = "$(inherited) @executable_path/Frameworks";
				PRODUCT_BUNDLE_IDENTIFIER = Guillem.Barras;
				PRODUCT_NAME = "$(TARGET_NAME)";
			};
			name = Release;
		};
		3341D1331DB695FE0079D557 /* Debug */ = {
			isa = XCBuildConfiguration;
			buildSettings = {
				BUNDLE_LOADER = "$(TEST_HOST)";
				INFOPLIST_FILE = BarrasTests/Info.plist;
				LD_RUNPATH_SEARCH_PATHS = "$(inherited) @executable_path/Frameworks @loader_path/Frameworks";
				PRODUCT_BUNDLE_IDENTIFIER = Guillem.BarrasTests;
				PRODUCT_NAME = "$(TARGET_NAME)";
				TEST_HOST = "$(BUILT_PRODUCTS_DIR)/Barras.app/Barras";
			};
			name = Debug;
		};
		3341D1341DB695FE0079D557 /* Release */ = {
			isa = XCBuildConfiguration;
			buildSettings = {
				BUNDLE_LOADER = "$(TEST_HOST)";
				INFOPLIST_FILE = BarrasTests/Info.plist;
				LD_RUNPATH_SEARCH_PATHS = "$(inherited) @executable_path/Frameworks @loader_path/Frameworks";
				PRODUCT_BUNDLE_IDENTIFIER = Guillem.BarrasTests;
				PRODUCT_NAME = "$(TARGET_NAME)";
				TEST_HOST = "$(BUILT_PRODUCTS_DIR)/Barras.app/Barras";
			};
			name = Release;
		};
		3341D1361DB695FE0079D557 /* Debug */ = {
			isa = XCBuildConfiguration;
			buildSettings = {
				INFOPLIST_FILE = BarrasUITests/Info.plist;
				LD_RUNPATH_SEARCH_PATHS = "$(inherited) @executable_path/Frameworks @loader_path/Frameworks";
				PRODUCT_BUNDLE_IDENTIFIER = Guillem.BarrasUITests;
				PRODUCT_NAME = "$(TARGET_NAME)";
				TEST_TARGET_NAME = Barras;
				USES_XCTRUNNER = YES;
			};
			name = Debug;
		};
		3341D1371DB695FE0079D557 /* Release */ = {
			isa = XCBuildConfiguration;
			buildSettings = {
				INFOPLIST_FILE = BarrasUITests/Info.plist;
				LD_RUNPATH_SEARCH_PATHS = "$(inherited) @executable_path/Frameworks @loader_path/Frameworks";
				PRODUCT_BUNDLE_IDENTIFIER = Guillem.BarrasUITests;
				PRODUCT_NAME = "$(TARGET_NAME)";
				TEST_TARGET_NAME = Barras;
				USES_XCTRUNNER = YES;
			};
			name = Release;
		};
/* End XCBuildConfiguration section */

/* Begin XCConfigurationList section */
		3341D1021DB695FD0079D557 /* Build configuration list for PBXProject "Barras" */ = {
			isa = XCConfigurationList;
			buildConfigurations = (
				3341D12D1DB695FE0079D557 /* Debug */,
				3341D12E1DB695FE0079D557 /* Release */,
			);
			defaultConfigurationIsVisible = 0;
			defaultConfigurationName = Release;
		};
		3341D12F1DB695FE0079D557 /* Build configuration list for PBXNativeTarget "Barras" */ = {
			isa = XCConfigurationList;
			buildConfigurations = (
				3341D1301DB695FE0079D557 /* Debug */,
				3341D1311DB695FE0079D557 /* Release */,
			);
			defaultConfigurationIsVisible = 0;
		};
		3341D1321DB695FE0079D557 /* Build configuration list for PBXNativeTarget "BarrasTests" */ = {
			isa = XCConfigurationList;
			buildConfigurations = (
				3341D1331DB695FE0079D557 /* Debug */,
				3341D1341DB695FE0079D557 /* Release */,
			);
			defaultConfigurationIsVisible = 0;
		};
		3341D1351DB695FE0079D557 /* Build configuration list for PBXNativeTarget "BarrasUITests" */ = {
			isa = XCConfigurationList;
			buildConfigurations = (
				3341D1361DB695FE0079D557 /* Debug */,
				3341D1371DB695FE0079D557 /* Release */,
			);
			defaultConfigurationIsVisible = 0;
		};
/* End XCConfigurationList section */
	};
	rootObject = 3341D0FF1DB695FD0079D557 /* Project object */;
}
