// !$*UTF8*$!
{
	archiveVersion = 1;
	classes = {
	};
	objectVersion = 46;
	objects = {

/* Begin PBXBuildFile section */
		33618E9A1DA4203900A22035 /* AppDelegate.swift in Sources */ = {isa = PBXBuildFile; fileRef = 33618E991DA4203900A22035 /* AppDelegate.swift */; };
		33618E9C1DA4203900A22035 /* ViewController.swift in Sources */ = {isa = PBXBuildFile; fileRef = 33618E9B1DA4203900A22035 /* ViewController.swift */; };
		33618E9F1DA4203900A22035 /* Main.storyboard in Resources */ = {isa = PBXBuildFile; fileRef = 33618E9D1DA4203900A22035 /* Main.storyboard */; };
		33618EA11DA4203900A22035 /* Assets.xcassets in Resources */ = {isa = PBXBuildFile; fileRef = 33618EA01DA4203900A22035 /* Assets.xcassets */; };
		33618EA41DA4203900A22035 /* LaunchScreen.storyboard in Resources */ = {isa = PBXBuildFile; fileRef = 33618EA21DA4203900A22035 /* LaunchScreen.storyboard */; };
		33618EAF1DA4203900A22035 /* OrdenaNumerosTests.swift in Sources */ = {isa = PBXBuildFile; fileRef = 33618EAE1DA4203900A22035 /* OrdenaNumerosTests.swift */; };
		33618EBA1DA4203900A22035 /* OrdenaNumerosUITests.swift in Sources */ = {isa = PBXBuildFile; fileRef = 33618EB91DA4203900A22035 /* OrdenaNumerosUITests.swift */; };
		33D0E7ED1DAFCEFC005F7F36 /* ViewController.swift in Sources */ = {isa = PBXBuildFile; fileRef = 33618E9B1DA4203900A22035 /* ViewController.swift */; settings = {ASSET_TAGS = (); }; };
/* End PBXBuildFile section */

/* Begin PBXContainerItemProxy section */
		33618EAB1DA4203900A22035 /* PBXContainerItemProxy */ = {
			isa = PBXContainerItemProxy;
			containerPortal = 33618E8E1DA4203900A22035 /* Project object */;
			proxyType = 1;
			remoteGlobalIDString = 33618E951DA4203900A22035;
			remoteInfo = OrdenaNumeros;
		};
		33618EB61DA4203900A22035 /* PBXContainerItemProxy */ = {
			isa = PBXContainerItemProxy;
			containerPortal = 33618E8E1DA4203900A22035 /* Project object */;
			proxyType = 1;
			remoteGlobalIDString = 33618E951DA4203900A22035;
			remoteInfo = OrdenaNumeros;
		};
/* End PBXContainerItemProxy section */

/* Begin PBXFileReference section */
		33618E961DA4203900A22035 /* OrdenaNumeros.app */ = {isa = PBXFileReference; explicitFileType = wrapper.application; includeInIndex = 0; path = OrdenaNumeros.app; sourceTree = BUILT_PRODUCTS_DIR; };
		33618E991DA4203900A22035 /* AppDelegate.swift */ = {isa = PBXFileReference; lastKnownFileType = sourcecode.swift; path = AppDelegate.swift; sourceTree = "<group>"; };
		33618E9B1DA4203900A22035 /* ViewController.swift */ = {isa = PBXFileReference; lastKnownFileType = sourcecode.swift; path = ViewController.swift; sourceTree = "<group>"; };
		33618E9E1DA4203900A22035 /* Base */ = {isa = PBXFileReference; lastKnownFileType = file.storyboard; name = Base; path = Base.lproj/Main.storyboard; sourceTree = "<group>"; };
		33618EA01DA4203900A22035 /* Assets.xcassets */ = {isa = PBXFileReference; lastKnownFileType = folder.assetcatalog; path = Assets.xcassets; sourceTree = "<group>"; };
		33618EA31DA4203900A22035 /* Base */ = {isa = PBXFileReference; lastKnownFileType = file.storyboard; name = Base; path = Base.lproj/LaunchScreen.storyboard; sourceTree = "<group>"; };
		33618EA51DA4203900A22035 /* Info.plist */ = {isa = PBXFileReference; lastKnownFileType = text.plist.xml; path = Info.plist; sourceTree = "<group>"; };
		33618EAA1DA4203900A22035 /* OrdenaNumerosTests.xctest */ = {isa = PBXFileReference; explicitFileType = wrapper.cfbundle; includeInIndex = 0; path = OrdenaNumerosTests.xctest; sourceTree = BUILT_PRODUCTS_DIR; };
		33618EAE1DA4203900A22035 /* OrdenaNumerosTests.swift */ = {isa = PBXFileReference; lastKnownFileType = sourcecode.swift; path = OrdenaNumerosTests.swift; sourceTree = "<group>"; };
		33618EB01DA4203900A22035 /* Info.plist */ = {isa = PBXFileReference; lastKnownFileType = text.plist.xml; path = Info.plist; sourceTree = "<group>"; };
		33618EB51DA4203900A22035 /* OrdenaNumerosUITests.xctest */ = {isa = PBXFileReference; explicitFileType = wrapper.cfbundle; includeInIndex = 0; path = OrdenaNumerosUITests.xctest; sourceTree = BUILT_PRODUCTS_DIR; };
		33618EB91DA4203900A22035 /* OrdenaNumerosUITests.swift */ = {isa = PBXFileReference; lastKnownFileType = sourcecode.swift; path = OrdenaNumerosUITests.swift; sourceTree = "<group>"; };
		33618EBB1DA4203900A22035 /* Info.plist */ = {isa = PBXFileReference; lastKnownFileType = text.plist.xml; path = Info.plist; sourceTree = "<group>"; };
/* End PBXFileReference section */

/* Begin PBXFrameworksBuildPhase section */
		33618E931DA4203900A22035 /* Frameworks */ = {
			isa = PBXFrameworksBuildPhase;
			buildActionMask = 2147483647;
			files = (
			);
			runOnlyForDeploymentPostprocessing = 0;
		};
		33618EA71DA4203900A22035 /* Frameworks */ = {
			isa = PBXFrameworksBuildPhase;
			buildActionMask = 2147483647;
			files = (
			);
			runOnlyForDeploymentPostprocessing = 0;
		};
		33618EB21DA4203900A22035 /* Frameworks */ = {
			isa = PBXFrameworksBuildPhase;
			buildActionMask = 2147483647;
			files = (
			);
			runOnlyForDeploymentPostprocessing = 0;
		};
/* End PBXFrameworksBuildPhase section */

/* Begin PBXGroup section */
		33618E8D1DA4203900A22035 = {
			isa = PBXGroup;
			children = (
				33618E981DA4203900A22035 /* OrdenaNumeros */,
				33618EAD1DA4203900A22035 /* OrdenaNumerosTests */,
				33618EB81DA4203900A22035 /* OrdenaNumerosUITests */,
				33618E971DA4203900A22035 /* Products */,
			);
			sourceTree = "<group>";
		};
		33618E971DA4203900A22035 /* Products */ = {
			isa = PBXGroup;
			children = (
				33618E961DA4203900A22035 /* OrdenaNumeros.app */,
				33618EAA1DA4203900A22035 /* OrdenaNumerosTests.xctest */,
				33618EB51DA4203900A22035 /* OrdenaNumerosUITests.xctest */,
			);
			name = Products;
			sourceTree = "<group>";
		};
		33618E981DA4203900A22035 /* OrdenaNumeros */ = {
			isa = PBXGroup;
			children = (
				33618E991DA4203900A22035 /* AppDelegate.swift */,
				33618E9B1DA4203900A22035 /* ViewController.swift */,
				33618E9D1DA4203900A22035 /* Main.storyboard */,
				33618EA01DA4203900A22035 /* Assets.xcassets */,
				33618EA21DA4203900A22035 /* LaunchScreen.storyboard */,
				33618EA51DA4203900A22035 /* Info.plist */,
			);
			path = OrdenaNumeros;
			sourceTree = "<group>";
		};
		33618EAD1DA4203900A22035 /* OrdenaNumerosTests */ = {
			isa = PBXGroup;
			children = (
				33618EAE1DA4203900A22035 /* OrdenaNumerosTests.swift */,
				33618EB01DA4203900A22035 /* Info.plist */,
			);
			path = OrdenaNumerosTests;
			sourceTree = "<group>";
		};
		33618EB81DA4203900A22035 /* OrdenaNumerosUITests */ = {
			isa = PBXGroup;
			children = (
				33618EB91DA4203900A22035 /* OrdenaNumerosUITests.swift */,
				33618EBB1DA4203900A22035 /* Info.plist */,
			);
			path = OrdenaNumerosUITests;
			sourceTree = "<group>";
		};
/* End PBXGroup section */

/* Begin PBXNativeTarget section */
		33618E951DA4203900A22035 /* OrdenaNumeros */ = {
			isa = PBXNativeTarget;
			buildConfigurationList = 33618EBE1DA4203900A22035 /* Build configuration list for PBXNativeTarget "OrdenaNumeros" */;
			buildPhases = (
				33618E921DA4203900A22035 /* Sources */,
				33618E931DA4203900A22035 /* Frameworks */,
				33618E941DA4203900A22035 /* Resources */,
			);
			buildRules = (
			);
			dependencies = (
			);
			name = OrdenaNumeros;
			productName = OrdenaNumeros;
			productReference = 33618E961DA4203900A22035 /* OrdenaNumeros.app */;
			productType = "com.apple.product-type.application";
		};
		33618EA91DA4203900A22035 /* OrdenaNumerosTests */ = {
			isa = PBXNativeTarget;
			buildConfigurationList = 33618EC11DA4203900A22035 /* Build configuration list for PBXNativeTarget "OrdenaNumerosTests" */;
			buildPhases = (
				33618EA61DA4203900A22035 /* Sources */,
				33618EA71DA4203900A22035 /* Frameworks */,
				33618EA81DA4203900A22035 /* Resources */,
			);
			buildRules = (
			);
			dependencies = (
				33618EAC1DA4203900A22035 /* PBXTargetDependency */,
			);
			name = OrdenaNumerosTests;
			productName = OrdenaNumerosTests;
			productReference = 33618EAA1DA4203900A22035 /* OrdenaNumerosTests.xctest */;
			productType = "com.apple.product-type.bundle.unit-test";
		};
		33618EB41DA4203900A22035 /* OrdenaNumerosUITests */ = {
			isa = PBXNativeTarget;
			buildConfigurationList = 33618EC41DA4203900A22035 /* Build configuration list for PBXNativeTarget "OrdenaNumerosUITests" */;
			buildPhases = (
				33618EB11DA4203900A22035 /* Sources */,
				33618EB21DA4203900A22035 /* Frameworks */,
				33618EB31DA4203900A22035 /* Resources */,
			);
			buildRules = (
			);
			dependencies = (
				33618EB71DA4203900A22035 /* PBXTargetDependency */,
			);
			name = OrdenaNumerosUITests;
			productName = OrdenaNumerosUITests;
			productReference = 33618EB51DA4203900A22035 /* OrdenaNumerosUITests.xctest */;
			productType = "com.apple.product-type.bundle.ui-testing";
		};
/* End PBXNativeTarget section */

/* Begin PBXProject section */
		33618E8E1DA4203900A22035 /* Project object */ = {
			isa = PBXProject;
			attributes = {
				LastUpgradeCheck = 0700;
				ORGANIZATIONNAME = DAM;
				TargetAttributes = {
					33618E951DA4203900A22035 = {
						CreatedOnToolsVersion = 7.0;
					};
					33618EA91DA4203900A22035 = {
						CreatedOnToolsVersion = 7.0;
						TestTargetID = 33618E951DA4203900A22035;
					};
					33618EB41DA4203900A22035 = {
						CreatedOnToolsVersion = 7.0;
						TestTargetID = 33618E951DA4203900A22035;
					};
				};
			};
			buildConfigurationList = 33618E911DA4203900A22035 /* Build configuration list for PBXProject "OrdenaNumeros" */;
			compatibilityVersion = "Xcode 3.2";
			developmentRegion = English;
			hasScannedForEncodings = 0;
			knownRegions = (
				en,
				Base,
			);
			mainGroup = 33618E8D1DA4203900A22035;
			productRefGroup = 33618E971DA4203900A22035 /* Products */;
			projectDirPath = "";
			projectRoot = "";
			targets = (
				33618E951DA4203900A22035 /* OrdenaNumeros */,
				33618EA91DA4203900A22035 /* OrdenaNumerosTests */,
				33618EB41DA4203900A22035 /* OrdenaNumerosUITests */,
			);
		};
/* End PBXProject section */

/* Begin PBXResourcesBuildPhase section */
		33618E941DA4203900A22035 /* Resources */ = {
			isa = PBXResourcesBuildPhase;
			buildActionMask = 2147483647;
			files = (
				33618EA41DA4203900A22035 /* LaunchScreen.storyboard in Resources */,
				33618EA11DA4203900A22035 /* Assets.xcassets in Resources */,
				33618E9F1DA4203900A22035 /* Main.storyboard in Resources */,
			);
			runOnlyForDeploymentPostprocessing = 0;
		};
		33618EA81DA4203900A22035 /* Resources */ = {
			isa = PBXResourcesBuildPhase;
			buildActionMask = 2147483647;
			files = (
			);
			runOnlyForDeploymentPostprocessing = 0;
		};
		33618EB31DA4203900A22035 /* Resources */ = {
			isa = PBXResourcesBuildPhase;
			buildActionMask = 2147483647;
			files = (
			);
			runOnlyForDeploymentPostprocessing = 0;
		};
/* End PBXResourcesBuildPhase section */

/* Begin PBXSourcesBuildPhase section */
		33618E921DA4203900A22035 /* Sources */ = {
			isa = PBXSourcesBuildPhase;
			buildActionMask = 2147483647;
			files = (
				33618E9C1DA4203900A22035 /* ViewController.swift in Sources */,
				33618E9A1DA4203900A22035 /* AppDelegate.swift in Sources */,
			);
			runOnlyForDeploymentPostprocessing = 0;
		};
		33618EA61DA4203900A22035 /* Sources */ = {
			isa = PBXSourcesBuildPhase;
			buildActionMask = 2147483647;
			files = (
				33D0E7ED1DAFCEFC005F7F36 /* ViewController.swift in Sources */,
				33618EAF1DA4203900A22035 /* OrdenaNumerosTests.swift in Sources */,
			);
			runOnlyForDeploymentPostprocessing = 0;
		};
		33618EB11DA4203900A22035 /* Sources */ = {
			isa = PBXSourcesBuildPhase;
			buildActionMask = 2147483647;
			files = (
				33618EBA1DA4203900A22035 /* OrdenaNumerosUITests.swift in Sources */,
			);
			runOnlyForDeploymentPostprocessing = 0;
		};
/* End PBXSourcesBuildPhase section */

/* Begin PBXTargetDependency section */
		33618EAC1DA4203900A22035 /* PBXTargetDependency */ = {
			isa = PBXTargetDependency;
			target = 33618E951DA4203900A22035 /* OrdenaNumeros */;
			targetProxy = 33618EAB1DA4203900A22035 /* PBXContainerItemProxy */;
		};
		33618EB71DA4203900A22035 /* PBXTargetDependency */ = {
			isa = PBXTargetDependency;
			target = 33618E951DA4203900A22035 /* OrdenaNumeros */;
			targetProxy = 33618EB61DA4203900A22035 /* PBXContainerItemProxy */;
		};
/* End PBXTargetDependency section */

/* Begin PBXVariantGroup section */
		33618E9D1DA4203900A22035 /* Main.storyboard */ = {
			isa = PBXVariantGroup;
			children = (
				33618E9E1DA4203900A22035 /* Base */,
			);
			name = Main.storyboard;
			sourceTree = "<group>";
		};
		33618EA21DA4203900A22035 /* LaunchScreen.storyboard */ = {
			isa = PBXVariantGroup;
			children = (
				33618EA31DA4203900A22035 /* Base */,
			);
			name = LaunchScreen.storyboard;
			sourceTree = "<group>";
		};
/* End PBXVariantGroup section */

/* Begin XCBuildConfiguration section */
		33618EBC1DA4203900A22035 /* Debug */ = {
			isa = XCBuildConfiguration;
			buildSettings = {
				ALWAYS_SEARCH_USER_PATHS = NO;
				CLANG_CXX_LANGUAGE_STANDARD = "gnu++0x";
				CLANG_CXX_LIBRARY = "libc++";
				CLANG_ENABLE_MODULES = YES;
				CLANG_ENABLE_OBJC_ARC = YES;
				CLANG_WARN_BOOL_CONVERSION = YES;
				CLANG_WARN_CONSTANT_CONVERSION = YES;
				CLANG_WARN_DIRECT_OBJC_ISA_USAGE = YES_ERROR;
				CLANG_WARN_EMPTY_BODY = YES;
				CLANG_WARN_ENUM_CONVERSION = YES;
				CLANG_WARN_INT_CONVERSION = YES;
				CLANG_WARN_OBJC_ROOT_CLASS = YES_ERROR;
				CLANG_WARN_UNREACHABLE_CODE = YES;
				CLANG_WARN__DUPLICATE_METHOD_MATCH = YES;
				"CODE_SIGN_IDENTITY[sdk=iphoneos*]" = "iPhone Developer";
				COPY_PHASE_STRIP = NO;
				DEBUG_INFORMATION_FORMAT = dwarf;
				ENABLE_STRICT_OBJC_MSGSEND = YES;
				ENABLE_TESTABILITY = YES;
				GCC_C_LANGUAGE_STANDARD = gnu99;
				GCC_DYNAMIC_NO_PIC = NO;
				GCC_NO_COMMON_BLOCKS = YES;
				GCC_OPTIMIZATION_LEVEL = 0;
				GCC_PREPROCESSOR_DEFINITIONS = (
					"DEBUG=1",
					"$(inherited)",
				);
				GCC_WARN_64_TO_32_BIT_CONVERSION = YES;
				GCC_WARN_ABOUT_RETURN_TYPE = YES_ERROR;
				GCC_WARN_UNDECLARED_SELECTOR = YES;
				GCC_WARN_UNINITIALIZED_AUTOS = YES_AGGRESSIVE;
				GCC_WARN_UNUSED_FUNCTION = YES;
				GCC_WARN_UNUSED_VARIABLE = YES;
				IPHONEOS_DEPLOYMENT_TARGET = 9.0;
				MTL_ENABLE_DEBUG_INFO = YES;
				ONLY_ACTIVE_ARCH = YES;
				SDKROOT = iphoneos;
				SWIFT_OPTIMIZATION_LEVEL = "-Onone";
			};
			name = Debug;
		};
		33618EBD1DA4203900A22035 /* Release */ = {
			isa = XCBuildConfiguration;
			buildSettings = {
				ALWAYS_SEARCH_USER_PATHS = NO;
				CLANG_CXX_LANGUAGE_STANDARD = "gnu++0x";
				CLANG_CXX_LIBRARY = "libc++";
				CLANG_ENABLE_MODULES = YES;
				CLANG_ENABLE_OBJC_ARC = YES;
				CLANG_WARN_BOOL_CONVERSION = YES;
				CLANG_WARN_CONSTANT_CONVERSION = YES;
				CLANG_WARN_DIRECT_OBJC_ISA_USAGE = YES_ERROR;
				CLANG_WARN_EMPTY_BODY = YES;
				CLANG_WARN_ENUM_CONVERSION = YES;
				CLANG_WARN_INT_CONVERSION = YES;
				CLANG_WARN_OBJC_ROOT_CLASS = YES_ERROR;
				CLANG_WARN_UNREACHABLE_CODE = YES;
				CLANG_WARN__DUPLICATE_METHOD_MATCH = YES;
				"CODE_SIGN_IDENTITY[sdk=iphoneos*]" = "iPhone Developer";
				COPY_PHASE_STRIP = NO;
				DEBUG_INFORMATION_FORMAT = "dwarf-with-dsym";
				ENABLE_NS_ASSERTIONS = NO;
				ENABLE_STRICT_OBJC_MSGSEND = YES;
				GCC_C_LANGUAGE_STANDARD = gnu99;
				GCC_NO_COMMON_BLOCKS = YES;
				GCC_WARN_64_TO_32_BIT_CONVERSION = YES;
				GCC_WARN_ABOUT_RETURN_TYPE = YES_ERROR;
				GCC_WARN_UNDECLARED_SELECTOR = YES;
				GCC_WARN_UNINITIALIZED_AUTOS = YES_AGGRESSIVE;
				GCC_WARN_UNUSED_FUNCTION = YES;
				GCC_WARN_UNUSED_VARIABLE = YES;
				IPHONEOS_DEPLOYMENT_TARGET = 9.0;
				MTL_ENABLE_DEBUG_INFO = NO;
				SDKROOT = iphoneos;
				VALIDATE_PRODUCT = YES;
			};
			name = Release;
		};
		33618EBF1DA4203900A22035 /* Debug */ = {
			isa = XCBuildConfiguration;
			buildSettings = {
				ASSETCATALOG_COMPILER_APPICON_NAME = AppIcon;
				INFOPLIST_FILE = OrdenaNumeros/Info.plist;
				LD_RUNPATH_SEARCH_PATHS = "$(inherited) @executable_path/Frameworks";
				PRODUCT_BUNDLE_IDENTIFIER = Stucom.OrdenaNumeros;
				PRODUCT_NAME = "$(TARGET_NAME)";
			};
			name = Debug;
		};
		33618EC01DA4203900A22035 /* Release */ = {
			isa = XCBuildConfiguration;
			buildSettings = {
				ASSETCATALOG_COMPILER_APPICON_NAME = AppIcon;
				INFOPLIST_FILE = OrdenaNumeros/Info.plist;
				LD_RUNPATH_SEARCH_PATHS = "$(inherited) @executable_path/Frameworks";
				PRODUCT_BUNDLE_IDENTIFIER = Stucom.OrdenaNumeros;
				PRODUCT_NAME = "$(TARGET_NAME)";
			};
			name = Release;
		};
		33618EC21DA4203900A22035 /* Debug */ = {
			isa = XCBuildConfiguration;
			buildSettings = {
				BUNDLE_LOADER = "$(TEST_HOST)";
				INFOPLIST_FILE = OrdenaNumerosTests/Info.plist;
				LD_RUNPATH_SEARCH_PATHS = "$(inherited) @executable_path/Frameworks @loader_path/Frameworks";
				PRODUCT_BUNDLE_IDENTIFIER = Stucom.OrdenaNumerosTests;
				PRODUCT_NAME = "$(TARGET_NAME)";
				TEST_HOST = "$(BUILT_PRODUCTS_DIR)/OrdenaNumeros.app/OrdenaNumeros";
			};
			name = Debug;
		};
		33618EC31DA4203900A22035 /* Release */ = {
			isa = XCBuildConfiguration;
			buildSettings = {
				BUNDLE_LOADER = "$(TEST_HOST)";
				INFOPLIST_FILE = OrdenaNumerosTests/Info.plist;
				LD_RUNPATH_SEARCH_PATHS = "$(inherited) @executable_path/Frameworks @loader_path/Frameworks";
				PRODUCT_BUNDLE_IDENTIFIER = Stucom.OrdenaNumerosTests;
				PRODUCT_NAME = "$(TARGET_NAME)";
				TEST_HOST = "$(BUILT_PRODUCTS_DIR)/OrdenaNumeros.app/OrdenaNumeros";
			};
			name = Release;
		};
		33618EC51DA4203900A22035 /* Debug */ = {
			isa = XCBuildConfiguration;
			buildSettings = {
				INFOPLIST_FILE = OrdenaNumerosUITests/Info.plist;
				LD_RUNPATH_SEARCH_PATHS = "$(inherited) @executable_path/Frameworks @loader_path/Frameworks";
				PRODUCT_BUNDLE_IDENTIFIER = Stucom.OrdenaNumerosUITests;
				PRODUCT_NAME = "$(TARGET_NAME)";
				TEST_TARGET_NAME = OrdenaNumeros;
				USES_XCTRUNNER = YES;
			};
			name = Debug;
		};
		33618EC61DA4203900A22035 /* Release */ = {
			isa = XCBuildConfiguration;
			buildSettings = {
				INFOPLIST_FILE = OrdenaNumerosUITests/Info.plist;
				LD_RUNPATH_SEARCH_PATHS = "$(inherited) @executable_path/Frameworks @loader_path/Frameworks";
				PRODUCT_BUNDLE_IDENTIFIER = Stucom.OrdenaNumerosUITests;
				PRODUCT_NAME = "$(TARGET_NAME)";
				TEST_TARGET_NAME = OrdenaNumeros;
				USES_XCTRUNNER = YES;
			};
			name = Release;
		};
/* End XCBuildConfiguration section */

/* Begin XCConfigurationList section */
		33618E911DA4203900A22035 /* Build configuration list for PBXProject "OrdenaNumeros" */ = {
			isa = XCConfigurationList;
			buildConfigurations = (
				33618EBC1DA4203900A22035 /* Debug */,
				33618EBD1DA4203900A22035 /* Release */,
			);
			defaultConfigurationIsVisible = 0;
			defaultConfigurationName = Release;
		};
		33618EBE1DA4203900A22035 /* Build configuration list for PBXNativeTarget "OrdenaNumeros" */ = {
			isa = XCConfigurationList;
			buildConfigurations = (
				33618EBF1DA4203900A22035 /* Debug */,
				33618EC01DA4203900A22035 /* Release */,
			);
			defaultConfigurationIsVisible = 0;
			defaultConfigurationName = Release;
		};
		33618EC11DA4203900A22035 /* Build configuration list for PBXNativeTarget "OrdenaNumerosTests" */ = {
			isa = XCConfigurationList;
			buildConfigurations = (
				33618EC21DA4203900A22035 /* Debug */,
				33618EC31DA4203900A22035 /* Release */,
			);
			defaultConfigurationIsVisible = 0;
			defaultConfigurationName = Release;
		};
		33618EC41DA4203900A22035 /* Build configuration list for PBXNativeTarget "OrdenaNumerosUITests" */ = {
			isa = XCConfigurationList;
			buildConfigurations = (
				33618EC51DA4203900A22035 /* Debug */,
				33618EC61DA4203900A22035 /* Release */,
			);
			defaultConfigurationIsVisible = 0;
			defaultConfigurationName = Release;
		};
/* End XCConfigurationList section */
	};
	rootObject = 33618E8E1DA4203900A22035 /* Project object */;
}
